<?xml version="1.0" encoding="utf-8"?>
<Project ToolsVersion="4.0" xmlns="http://schemas.microsoft.com/developer/msbuild/2003">
  <ItemGroup>
    <Filter Include="Source files">
      <UniqueIdentifier>{8328B6CE-10F8-07FC-1533-7E540FC0B3E9}</UniqueIdentifier>
    </Filter>
    <Filter Include="Header files">
      <UniqueIdentifier>{63AF6A39-1463-150A-0228-E57271BC94AC}</UniqueIdentifier>
    </Filter>
    <Filter Include="Source files\TopOpeBRep">
      <UniqueIdentifier>{C4AA1EA7-0D33-05E7-1857-C8121F1DD9A1}</UniqueIdentifier>
    </Filter>
    <Filter Include="Source files\TopOpeBRepDS">
      <UniqueIdentifier>{BAF23837-1280-0BB1-1234-2C48BD5B7606}</UniqueIdentifier>
    </Filter>
    <Filter Include="Source files\TopOpeBRepBuild">
      <UniqueIdentifier>{A188335F-0AEF-0FA6-0A93-EDC513258F7E}</UniqueIdentifier>
    </Filter>
    <Filter Include="Source files\TopOpeBRepTool">
      <UniqueIdentifier>{EFB7883F-003B-029B-0711-70C8AE874A83}</UniqueIdentifier>
    </Filter>
    <Filter Include="Source files\BRepAlgo">
      <UniqueIdentifier>{2CDF3DBF-0DD8-0048-15D6-8D71981CF103}</UniqueIdentifier>
    </Filter>
    <Filter Include="Source files\BRepFill">
      <UniqueIdentifier>{132B33E7-054E-0A94-1020-161BDD7F5FC1}</UniqueIdentifier>
    </Filter>
    <Filter Include="Source files\BRepProj">
      <UniqueIdentifier>{6780E083-0C83-1629-0A14-67F59B2D93D5}</UniqueIdentifier>
    </Filter>
    <Filter Include="Header files\TopOpeBRep">
      <UniqueIdentifier>{44AE12C0-1482-13E0-07D8-0B23EC637FE7}</UniqueIdentifier>
    </Filter>
    <Filter Include="Header files\TopOpeBRepDS">
      <UniqueIdentifier>{6241765B-0A8F-16B9-0F4A-52DDA45555D8}</UniqueIdentifier>
    </Filter>
    <Filter Include="Header files\TopOpeBRepBuild">
      <UniqueIdentifier>{7716A6F7-15C8-15BB-0591-9E389F978E20}</UniqueIdentifier>
    </Filter>
    <Filter Include="Header files\TopOpeBRepTool">
      <UniqueIdentifier>{F4003613-1294-02F0-0FD8-D3C0F1204585}</UniqueIdentifier>
    </Filter>
    <Filter Include="Header files\BRepAlgo">
      <UniqueIdentifier>{B42CACCE-1032-00C2-1956-7814FDAA1F02}</UniqueIdentifier>
    </Filter>
    <Filter Include="Header files\BRepFill">
      <UniqueIdentifier>{D9DF85FE-08F3-06EB-0D49-64D1AF023A69}</UniqueIdentifier>
    </Filter>
    <Filter Include="Header files\BRepProj">
      <UniqueIdentifier>{4900896C-02F1-179E-09E2-FFE853EDCC3A}</UniqueIdentifier>
    </Filter>
  </ItemGroup>
  <ItemGroup>
    <ClCompile Include="..\..\..\src\TopOpeBRep\TopOpeBRep.cxx">
      <Filter>Source files\TopOpeBRep</Filter>
    </ClCompile>
    <ClCompile Include="..\..\..\src\TopOpeBRep\TopOpeBRep_Bipoint.cxx">
      <Filter>Source files\TopOpeBRep</Filter>
    </ClCompile>
    <ClCompile Include="..\..\..\src\TopOpeBRep\TopOpeBRep_DRAW.cxx">
      <Filter>Source files\TopOpeBRep</Filter>
    </ClCompile>
    <ClCompile Include="..\..\..\src\TopOpeBRep\TopOpeBRep_DSFiller.cxx">
      <Filter>Source files\TopOpeBRep</Filter>
    </ClCompile>
    <ClCompile Include="..\..\..\src\TopOpeBRep\TopOpeBRep_EdgesFiller.cxx">
      <Filter>Source files\TopOpeBRep</Filter>
    </ClCompile>
    <ClCompile Include="..\..\..\src\TopOpeBRep\TopOpeBRep_EdgesIntersector.cxx">
      <Filter>Source files\TopOpeBRep</Filter>
    </ClCompile>
    <ClCompile Include="..\..\..\src\TopOpeBRep\TopOpeBRep_EdgesIntersector_1.cxx">
      <Filter>Source files\TopOpeBRep</Filter>
    </ClCompile>
    <ClCompile Include="..\..\..\src\TopOpeBRep\TopOpeBRep_FFDumper.cxx">
      <Filter>Source files\TopOpeBRep</Filter>
    </ClCompile>
    <ClCompile Include="..\..\..\src\TopOpeBRep\TopOpeBRep_FFTransitionTool.cxx">
      <Filter>Source files\TopOpeBRep</Filter>
    </ClCompile>
    <ClCompile Include="..\..\..\src\TopOpeBRep\TopOpeBRep_FaceEdgeFiller.cxx">
      <Filter>Source files\TopOpeBRep</Filter>
    </ClCompile>
    <ClCompile Include="..\..\..\src\TopOpeBRep\TopOpeBRep_FaceEdgeFiller_DEB.cxx">
      <Filter>Source files\TopOpeBRep</Filter>
    </ClCompile>
    <ClCompile Include="..\..\..\src\TopOpeBRep\TopOpeBRep_FaceEdgeIntersector.cxx">
      <Filter>Source files\TopOpeBRep</Filter>
    </ClCompile>
    <ClCompile Include="..\..\..\src\TopOpeBRep\TopOpeBRep_FacesFiller.cxx">
      <Filter>Source files\TopOpeBRep</Filter>
    </ClCompile>
    <ClCompile Include="..\..\..\src\TopOpeBRep\TopOpeBRep_FacesFiller_1.cxx">
      <Filter>Source files\TopOpeBRep</Filter>
    </ClCompile>
    <ClCompile Include="..\..\..\src\TopOpeBRep\TopOpeBRep_FacesIntersector.cxx">
      <Filter>Source files\TopOpeBRep</Filter>
    </ClCompile>
    <ClCompile Include="..\..\..\src\TopOpeBRep\TopOpeBRep_GeomTool.cxx">
      <Filter>Source files\TopOpeBRep</Filter>
    </ClCompile>
    <ClCompile Include="..\..\..\src\TopOpeBRep\TopOpeBRep_Hctxee2d.cxx">
      <Filter>Source files\TopOpeBRep</Filter>
    </ClCompile>
    <ClCompile Include="..\..\..\src\TopOpeBRep\TopOpeBRep_Hctxff2d.cxx">
      <Filter>Source files\TopOpeBRep</Filter>
    </ClCompile>
    <ClCompile Include="..\..\..\src\TopOpeBRep\TopOpeBRep_LineInter.cxx">
      <Filter>Source files\TopOpeBRep</Filter>
    </ClCompile>
    <ClCompile Include="..\..\..\src\TopOpeBRep\TopOpeBRep_Point2d.cxx">
      <Filter>Source files\TopOpeBRep</Filter>
    </ClCompile>
    <ClCompile Include="..\..\..\src\TopOpeBRep\TopOpeBRep_PointClassifier.cxx">
      <Filter>Source files\TopOpeBRep</Filter>
    </ClCompile>
    <ClCompile Include="..\..\..\src\TopOpeBRep\TopOpeBRep_PointGeomTool.cxx">
      <Filter>Source files\TopOpeBRep</Filter>
    </ClCompile>
    <ClCompile Include="..\..\..\src\TopOpeBRep\TopOpeBRep_ProcessGR.cxx">
      <Filter>Source files\TopOpeBRep</Filter>
    </ClCompile>
    <ClCompile Include="..\..\..\src\TopOpeBRep\TopOpeBRep_ProcessSectionEdges.cxx">
      <Filter>Source files\TopOpeBRep</Filter>
    </ClCompile>
    <ClCompile Include="..\..\..\src\TopOpeBRep\TopOpeBRep_ShapeIntersector.cxx">
      <Filter>Source files\TopOpeBRep</Filter>
    </ClCompile>
    <ClCompile Include="..\..\..\src\TopOpeBRep\TopOpeBRep_ShapeIntersector2d.cxx">
      <Filter>Source files\TopOpeBRep</Filter>
    </ClCompile>
    <ClCompile Include="..\..\..\src\TopOpeBRep\TopOpeBRep_ShapeScanner.cxx">
      <Filter>Source files\TopOpeBRep</Filter>
    </ClCompile>
    <ClCompile Include="..\..\..\src\TopOpeBRep\TopOpeBRep_VPointInter.cxx">
      <Filter>Source files\TopOpeBRep</Filter>
    </ClCompile>
    <ClCompile Include="..\..\..\src\TopOpeBRep\TopOpeBRep_VPointInterClassifier.cxx">
      <Filter>Source files\TopOpeBRep</Filter>
    </ClCompile>
    <ClCompile Include="..\..\..\src\TopOpeBRep\TopOpeBRep_VPointInterIterator.cxx">
      <Filter>Source files\TopOpeBRep</Filter>
    </ClCompile>
    <ClCompile Include="..\..\..\src\TopOpeBRep\TopOpeBRep_WPointInter.cxx">
      <Filter>Source files\TopOpeBRep</Filter>
    </ClCompile>
    <ClCompile Include="..\..\..\src\TopOpeBRep\TopOpeBRep_WPointInterIterator.cxx">
      <Filter>Source files\TopOpeBRep</Filter>
    </ClCompile>
    <ClCompile Include="..\..\..\src\TopOpeBRep\TopOpeBRep_kpart.cxx">
      <Filter>Source files\TopOpeBRep</Filter>
    </ClCompile>
    <ClCompile Include="..\..\..\src\TopOpeBRep\TopOpeBRep_mergePDS.cxx">
      <Filter>Source files\TopOpeBRep</Filter>
    </ClCompile>
    <ClCompile Include="..\..\..\src\TopOpeBRep\TopOpeBRep_sort.cxx">
      <Filter>Source files\TopOpeBRep</Filter>
    </ClCompile>
    <ClCompile Include="..\..\..\src\TopOpeBRep\TopOpeBRep_trace.cxx">
      <Filter>Source files\TopOpeBRep</Filter>
    </ClCompile>
    <ClCompile Include="..\..\..\src\TopOpeBRep\TopOpeBRep_traceALWL.cxx">
      <Filter>Source files\TopOpeBRep</Filter>
    </ClCompile>
    <ClCompile Include="..\..\..\src\TopOpeBRep\TopOpeBRep_traceBOOPNINT.cxx">
      <Filter>Source files\TopOpeBRep</Filter>
    </ClCompile>
    <ClCompile Include="..\..\..\src\TopOpeBRep\TopOpeBRep_traceSIFF.cxx">
      <Filter>Source files\TopOpeBRep</Filter>
    </ClCompile>
    <ClCompile Include="..\..\..\src\TopOpeBRep\TopOpeBRep_vpr.cxx">
      <Filter>Source files\TopOpeBRep</Filter>
    </ClCompile>
    <ClCompile Include="..\..\..\src\TopOpeBRep\TopOpeBRep_vprclo.cxx">
      <Filter>Source files\TopOpeBRep</Filter>
    </ClCompile>
    <ClCompile Include="..\..\..\src\TopOpeBRep\TopOpeBRep_vprdeg.cxx">
      <Filter>Source files\TopOpeBRep</Filter>
    </ClCompile>
    <ClCompile Include="..\..\..\src\TopOpeBRepDS\TopOpeBRepDS.cxx">
      <Filter>Source files\TopOpeBRepDS</Filter>
    </ClCompile>
    <ClCompile Include="..\..\..\src\TopOpeBRepDS\TopOpeBRepDS_Association.cxx">
      <Filter>Source files\TopOpeBRepDS</Filter>
    </ClCompile>
    <ClCompile Include="..\..\..\src\TopOpeBRepDS\TopOpeBRepDS_BuildTool.cxx">
      <Filter>Source files\TopOpeBRepDS</Filter>
    </ClCompile>
    <ClCompile Include="..\..\..\src\TopOpeBRepDS\TopOpeBRepDS_Check.cxx">
      <Filter>Source files\TopOpeBRepDS</Filter>
    </ClCompile>
    <ClCompile Include="..\..\..\src\TopOpeBRepDS\TopOpeBRepDS_Curve.cxx">
      <Filter>Source files\TopOpeBRepDS</Filter>
    </ClCompile>
    <ClCompile Include="..\..\..\src\TopOpeBRepDS\TopOpeBRepDS_CurveData.cxx">
      <Filter>Source files\TopOpeBRepDS</Filter>
    </ClCompile>
    <ClCompile Include="..\..\..\src\TopOpeBRepDS\TopOpeBRepDS_CurveExplorer.cxx">
      <Filter>Source files\TopOpeBRepDS</Filter>
    </ClCompile>
    <ClCompile Include="..\..\..\src\TopOpeBRepDS\TopOpeBRepDS_CurveIterator.cxx">
      <Filter>Source files\TopOpeBRepDS</Filter>
    </ClCompile>
    <ClCompile Include="..\..\..\src\TopOpeBRepDS\TopOpeBRepDS_CurvePointInterference.cxx">
      <Filter>Source files\TopOpeBRepDS</Filter>
    </ClCompile>
    <ClCompile Include="..\..\..\src\TopOpeBRepDS\TopOpeBRepDS_DRAW.cxx">
      <Filter>Source files\TopOpeBRepDS</Filter>
    </ClCompile>
    <ClCompile Include="..\..\..\src\TopOpeBRepDS\TopOpeBRepDS_DataStructure.cxx">
      <Filter>Source files\TopOpeBRepDS</Filter>
    </ClCompile>
    <ClCompile Include="..\..\..\src\TopOpeBRepDS\TopOpeBRepDS_Dumper.cxx">
      <Filter>Source files\TopOpeBRepDS</Filter>
    </ClCompile>
    <ClCompile Include="..\..\..\src\TopOpeBRepDS\TopOpeBRepDS_EIR.cxx">
      <Filter>Source files\TopOpeBRepDS</Filter>
    </ClCompile>
    <ClCompile Include="..\..\..\src\TopOpeBRepDS\TopOpeBRepDS_EXPORT.cxx">
      <Filter>Source files\TopOpeBRepDS</Filter>
    </ClCompile>
    <ClCompile Include="..\..\..\src\TopOpeBRepDS\TopOpeBRepDS_Edge3dInterferenceTool.cxx">
      <Filter>Source files\TopOpeBRepDS</Filter>
    </ClCompile>
    <ClCompile Include="..\..\..\src\TopOpeBRepDS\TopOpeBRepDS_EdgeInterferenceTool.cxx">
      <Filter>Source files\TopOpeBRepDS</Filter>
    </ClCompile>
    <ClCompile Include="..\..\..\src\TopOpeBRepDS\TopOpeBRepDS_EdgeVertexInterference.cxx">
      <Filter>Source files\TopOpeBRepDS</Filter>
    </ClCompile>
    <ClCompile Include="..\..\..\src\TopOpeBRepDS\TopOpeBRepDS_Explorer.cxx">
      <Filter>Source files\TopOpeBRepDS</Filter>
    </ClCompile>
    <ClCompile Include="..\..\..\src\TopOpeBRepDS\TopOpeBRepDS_FIR.cxx">
      <Filter>Source files\TopOpeBRepDS</Filter>
    </ClCompile>
    <ClCompile Include="..\..\..\src\TopOpeBRepDS\TopOpeBRepDS_FaceEdgeInterference.cxx">
      <Filter>Source files\TopOpeBRepDS</Filter>
    </ClCompile>
    <ClCompile Include="..\..\..\src\TopOpeBRepDS\TopOpeBRepDS_FaceInterferenceTool.cxx">
      <Filter>Source files\TopOpeBRepDS</Filter>
    </ClCompile>
    <ClCompile Include="..\..\..\src\TopOpeBRepDS\TopOpeBRepDS_Filter.cxx">
      <Filter>Source files\TopOpeBRepDS</Filter>
    </ClCompile>
    <ClCompile Include="..\..\..\src\TopOpeBRepDS\TopOpeBRepDS_FilterCurveInterferences.cxx">
      <Filter>Source files\TopOpeBRepDS</Filter>
    </ClCompile>
    <ClCompile Include="..\..\..\src\TopOpeBRepDS\TopOpeBRepDS_FilterEdgeInterferences.cxx">
      <Filter>Source files\TopOpeBRepDS</Filter>
    </ClCompile>
    <ClCompile Include="..\..\..\src\TopOpeBRepDS\TopOpeBRepDS_FilterFaceInterferences.cxx">
      <Filter>Source files\TopOpeBRepDS</Filter>
    </ClCompile>
    <ClCompile Include="..\..\..\src\TopOpeBRepDS\TopOpeBRepDS_GapFiller.cxx">
      <Filter>Source files\TopOpeBRepDS</Filter>
    </ClCompile>
    <ClCompile Include="..\..\..\src\TopOpeBRepDS\TopOpeBRepDS_GapTool.cxx">
      <Filter>Source files\TopOpeBRepDS</Filter>
    </ClCompile>
    <ClCompile Include="..\..\..\src\TopOpeBRepDS\TopOpeBRepDS_GeometryData.cxx">
      <Filter>Source files\TopOpeBRepDS</Filter>
    </ClCompile>
    <ClCompile Include="..\..\..\src\TopOpeBRepDS\TopOpeBRepDS_HDataStructure.cxx">
      <Filter>Source files\TopOpeBRepDS</Filter>
    </ClCompile>
    <ClCompile Include="..\..\..\src\TopOpeBRepDS\TopOpeBRepDS_Interference.cxx">
      <Filter>Source files\TopOpeBRepDS</Filter>
    </ClCompile>
    <ClCompile Include="..\..\..\src\TopOpeBRepDS\TopOpeBRepDS_InterferenceIterator.cxx">
      <Filter>Source files\TopOpeBRepDS</Filter>
    </ClCompile>
    <ClCompile Include="..\..\..\src\TopOpeBRepDS\TopOpeBRepDS_InterferenceTool.cxx">
      <Filter>Source files\TopOpeBRepDS</Filter>
    </ClCompile>
    <ClCompile Include="..\..\..\src\TopOpeBRepDS\TopOpeBRepDS_ListOfShapeOn1State.cxx">
      <Filter>Source files\TopOpeBRepDS</Filter>
    </ClCompile>
    <ClCompile Include="..\..\..\src\TopOpeBRepDS\TopOpeBRepDS_Marker.cxx">
      <Filter>Source files\TopOpeBRepDS</Filter>
    </ClCompile>
    <ClCompile Include="..\..\..\src\TopOpeBRepDS\TopOpeBRepDS_Point.cxx">
      <Filter>Source files\TopOpeBRepDS</Filter>
    </ClCompile>
    <ClCompile Include="..\..\..\src\TopOpeBRepDS\TopOpeBRepDS_PointData.cxx">
      <Filter>Source files\TopOpeBRepDS</Filter>
    </ClCompile>
    <ClCompile Include="..\..\..\src\TopOpeBRepDS\TopOpeBRepDS_PointExplorer.cxx">
      <Filter>Source files\TopOpeBRepDS</Filter>
    </ClCompile>
    <ClCompile Include="..\..\..\src\TopOpeBRepDS\TopOpeBRepDS_PointIterator.cxx">
      <Filter>Source files\TopOpeBRepDS</Filter>
    </ClCompile>
    <ClCompile Include="..\..\..\src\TopOpeBRepDS\TopOpeBRepDS_ProcessEdgeInterferences.cxx">
      <Filter>Source files\TopOpeBRepDS</Filter>
    </ClCompile>
    <ClCompile Include="..\..\..\src\TopOpeBRepDS\TopOpeBRepDS_ProcessFaceInterferences.cxx">
      <Filter>Source files\TopOpeBRepDS</Filter>
    </ClCompile>
    <ClCompile Include="..\..\..\src\TopOpeBRepDS\TopOpeBRepDS_ProcessInterferencesTool.cxx">
      <Filter>Source files\TopOpeBRepDS</Filter>
    </ClCompile>
    <ClCompile Include="..\..\..\src\TopOpeBRepDS\TopOpeBRepDS_Reducer.cxx">
      <Filter>Source files\TopOpeBRepDS</Filter>
    </ClCompile>
    <ClCompile Include="..\..\..\src\TopOpeBRepDS\TopOpeBRepDS_ShapeData.cxx">
      <Filter>Source files\TopOpeBRepDS</Filter>
    </ClCompile>
    <ClCompile Include="..\..\..\src\TopOpeBRepDS\TopOpeBRepDS_ShapeShapeInterference.cxx">
      <Filter>Source files\TopOpeBRepDS</Filter>
    </ClCompile>
    <ClCompile Include="..\..\..\src\TopOpeBRepDS\TopOpeBRepDS_ShapeWithState.cxx">
      <Filter>Source files\TopOpeBRepDS</Filter>
    </ClCompile>
    <ClCompile Include="..\..\..\src\TopOpeBRepDS\TopOpeBRepDS_SolidSurfaceInterference.cxx">
      <Filter>Source files\TopOpeBRepDS</Filter>
    </ClCompile>
    <ClCompile Include="..\..\..\src\TopOpeBRepDS\TopOpeBRepDS_Surface.cxx">
      <Filter>Source files\TopOpeBRepDS</Filter>
    </ClCompile>
    <ClCompile Include="..\..\..\src\TopOpeBRepDS\TopOpeBRepDS_SurfaceCurveInterference.cxx">
      <Filter>Source files\TopOpeBRepDS</Filter>
    </ClCompile>
    <ClCompile Include="..\..\..\src\TopOpeBRepDS\TopOpeBRepDS_SurfaceData.cxx">
      <Filter>Source files\TopOpeBRepDS</Filter>
    </ClCompile>
    <ClCompile Include="..\..\..\src\TopOpeBRepDS\TopOpeBRepDS_SurfaceExplorer.cxx">
      <Filter>Source files\TopOpeBRepDS</Filter>
    </ClCompile>
    <ClCompile Include="..\..\..\src\TopOpeBRepDS\TopOpeBRepDS_SurfaceIterator.cxx">
      <Filter>Source files\TopOpeBRepDS</Filter>
    </ClCompile>
    <ClCompile Include="..\..\..\src\TopOpeBRepDS\TopOpeBRepDS_TKI.cxx">
      <Filter>Source files\TopOpeBRepDS</Filter>
    </ClCompile>
    <ClCompile Include="..\..\..\src\TopOpeBRepDS\TopOpeBRepDS_TOOL.cxx">
      <Filter>Source files\TopOpeBRepDS</Filter>
    </ClCompile>
    <ClCompile Include="..\..\..\src\TopOpeBRepDS\TopOpeBRepDS_Transition.cxx">
      <Filter>Source files\TopOpeBRepDS</Filter>
    </ClCompile>
    <ClCompile Include="..\..\..\src\TopOpeBRepDS\TopOpeBRepDS_connex.cxx">
      <Filter>Source files\TopOpeBRepDS</Filter>
    </ClCompile>
    <ClCompile Include="..\..\..\src\TopOpeBRepDS\TopOpeBRepDS_funk.cxx">
      <Filter>Source files\TopOpeBRepDS</Filter>
    </ClCompile>
    <ClCompile Include="..\..\..\src\TopOpeBRepDS\TopOpeBRepDS_redu.cxx">
      <Filter>Source files\TopOpeBRepDS</Filter>
    </ClCompile>
    <ClCompile Include="..\..\..\src\TopOpeBRepDS\TopOpeBRepDS_repvg.cxx">
      <Filter>Source files\TopOpeBRepDS</Filter>
    </ClCompile>
    <ClCompile Include="..\..\..\src\TopOpeBRepDS\TopOpeBRepDS_samdom.cxx">
      <Filter>Source files\TopOpeBRepDS</Filter>
    </ClCompile>
    <ClCompile Include="..\..\..\src\TopOpeBRepBuild\TopOpeBRepBuild.cxx">
      <Filter>Source files\TopOpeBRepBuild</Filter>
    </ClCompile>
    <ClCompile Include="..\..\..\src\TopOpeBRepBuild\TopOpeBRepBuild_Area1dBuilder.cxx">
      <Filter>Source files\TopOpeBRepBuild</Filter>
    </ClCompile>
    <ClCompile Include="..\..\..\src\TopOpeBRepBuild\TopOpeBRepBuild_Area2dBuilder.cxx">
      <Filter>Source files\TopOpeBRepBuild</Filter>
    </ClCompile>
    <ClCompile Include="..\..\..\src\TopOpeBRepBuild\TopOpeBRepBuild_Area3dBuilder.cxx">
      <Filter>Source files\TopOpeBRepBuild</Filter>
    </ClCompile>
    <ClCompile Include="..\..\..\src\TopOpeBRepBuild\TopOpeBRepBuild_AreaBuilder.cxx">
      <Filter>Source files\TopOpeBRepBuild</Filter>
    </ClCompile>
    <ClCompile Include="..\..\..\src\TopOpeBRepBuild\TopOpeBRepBuild_BlockBuilder.cxx">
      <Filter>Source files\TopOpeBRepBuild</Filter>
    </ClCompile>
    <ClCompile Include="..\..\..\src\TopOpeBRepBuild\TopOpeBRepBuild_BlockIterator.cxx">
      <Filter>Source files\TopOpeBRepBuild</Filter>
    </ClCompile>
    <ClCompile Include="..\..\..\src\TopOpeBRepBuild\TopOpeBRepBuild_BuildEdges.cxx">
      <Filter>Source files\TopOpeBRepBuild</Filter>
    </ClCompile>
    <ClCompile Include="..\..\..\src\TopOpeBRepBuild\TopOpeBRepBuild_BuildFaces.cxx">
      <Filter>Source files\TopOpeBRepBuild</Filter>
    </ClCompile>
    <ClCompile Include="..\..\..\src\TopOpeBRepBuild\TopOpeBRepBuild_BuildVertices.cxx">
      <Filter>Source files\TopOpeBRepBuild</Filter>
    </ClCompile>
    <ClCompile Include="..\..\..\src\TopOpeBRepBuild\TopOpeBRepBuild_Builder.cxx">
      <Filter>Source files\TopOpeBRepBuild</Filter>
    </ClCompile>
    <ClCompile Include="..\..\..\src\TopOpeBRepBuild\TopOpeBRepBuild_Builder1.cxx">
      <Filter>Source files\TopOpeBRepBuild</Filter>
    </ClCompile>
    <ClCompile Include="..\..\..\src\TopOpeBRepBuild\TopOpeBRepBuild_Builder1_1.cxx">
      <Filter>Source files\TopOpeBRepBuild</Filter>
    </ClCompile>
    <ClCompile Include="..\..\..\src\TopOpeBRepBuild\TopOpeBRepBuild_Builder1_2.cxx">
      <Filter>Source files\TopOpeBRepBuild</Filter>
    </ClCompile>
    <ClCompile Include="..\..\..\src\TopOpeBRepBuild\TopOpeBRepBuild_BuilderON.cxx">
      <Filter>Source files\TopOpeBRepBuild</Filter>
    </ClCompile>
    <ClCompile Include="..\..\..\src\TopOpeBRepBuild\TopOpeBRepBuild_BuilderON2d.cxx">
      <Filter>Source files\TopOpeBRepBuild</Filter>
    </ClCompile>
    <ClCompile Include="..\..\..\src\TopOpeBRepBuild\TopOpeBRepBuild_CompositeClassifier.cxx">
      <Filter>Source files\TopOpeBRepBuild</Filter>
    </ClCompile>
    <ClCompile Include="..\..\..\src\TopOpeBRepBuild\TopOpeBRepBuild_CorrectFace2d.cxx">
      <Filter>Source files\TopOpeBRepBuild</Filter>
    </ClCompile>
    <ClCompile Include="..\..\..\src\TopOpeBRepBuild\TopOpeBRepBuild_EdgeBuilder.cxx">
      <Filter>Source files\TopOpeBRepBuild</Filter>
    </ClCompile>
    <ClCompile Include="..\..\..\src\TopOpeBRepBuild\TopOpeBRepBuild_End.cxx">
      <Filter>Source files\TopOpeBRepBuild</Filter>
    </ClCompile>
    <ClCompile Include="..\..\..\src\TopOpeBRepBuild\TopOpeBRepBuild_FREGU.cxx">
      <Filter>Source files\TopOpeBRepBuild</Filter>
    </ClCompile>
    <ClCompile Include="..\..\..\src\TopOpeBRepBuild\TopOpeBRepBuild_FaceAreaBuilder.cxx">
      <Filter>Source files\TopOpeBRepBuild</Filter>
    </ClCompile>
    <ClCompile Include="..\..\..\src\TopOpeBRepBuild\TopOpeBRepBuild_FaceBuilder.cxx">
      <Filter>Source files\TopOpeBRepBuild</Filter>
    </ClCompile>
    <ClCompile Include="..\..\..\src\TopOpeBRepBuild\TopOpeBRepBuild_FuseFace.cxx">
      <Filter>Source files\TopOpeBRepBuild</Filter>
    </ClCompile>
    <ClCompile Include="..\..\..\src\TopOpeBRepBuild\TopOpeBRepBuild_GIter.cxx">
      <Filter>Source files\TopOpeBRepBuild</Filter>
    </ClCompile>
    <ClCompile Include="..\..\..\src\TopOpeBRepBuild\TopOpeBRepBuild_GTool.cxx">
      <Filter>Source files\TopOpeBRepBuild</Filter>
    </ClCompile>
    <ClCompile Include="..\..\..\src\TopOpeBRepBuild\TopOpeBRepBuild_GTopo.cxx">
      <Filter>Source files\TopOpeBRepBuild</Filter>
    </ClCompile>
    <ClCompile Include="..\..\..\src\TopOpeBRepBuild\TopOpeBRepBuild_Grid.cxx">
      <Filter>Source files\TopOpeBRepBuild</Filter>
    </ClCompile>
    <ClCompile Include="..\..\..\src\TopOpeBRepBuild\TopOpeBRepBuild_GridEE.cxx">
      <Filter>Source files\TopOpeBRepBuild</Filter>
    </ClCompile>
    <ClCompile Include="..\..\..\src\TopOpeBRepBuild\TopOpeBRepBuild_GridFF.cxx">
      <Filter>Source files\TopOpeBRepBuild</Filter>
    </ClCompile>
    <ClCompile Include="..\..\..\src\TopOpeBRepBuild\TopOpeBRepBuild_GridSS.cxx">
      <Filter>Source files\TopOpeBRepBuild</Filter>
    </ClCompile>
    <ClCompile Include="..\..\..\src\TopOpeBRepBuild\TopOpeBRepBuild_Griddump.cxx">
      <Filter>Source files\TopOpeBRepBuild</Filter>
    </ClCompile>
    <ClCompile Include="..\..\..\src\TopOpeBRepBuild\TopOpeBRepBuild_HBuilder.cxx">
      <Filter>Source files\TopOpeBRepBuild</Filter>
    </ClCompile>
    <ClCompile Include="..\..\..\src\TopOpeBRepBuild\TopOpeBRepBuild_KPart.cxx">
      <Filter>Source files\TopOpeBRepBuild</Filter>
    </ClCompile>
    <ClCompile Include="..\..\..\src\TopOpeBRepBuild\TopOpeBRepBuild_Loop.cxx">
      <Filter>Source files\TopOpeBRepBuild</Filter>
    </ClCompile>
    <ClCompile Include="..\..\..\src\TopOpeBRepBuild\TopOpeBRepBuild_LoopClassifier.cxx">
      <Filter>Source files\TopOpeBRepBuild</Filter>
    </ClCompile>
    <ClCompile Include="..\..\..\src\TopOpeBRepBuild\TopOpeBRepBuild_LoopSet.cxx">
      <Filter>Source files\TopOpeBRepBuild</Filter>
    </ClCompile>
    <ClCompile Include="..\..\..\src\TopOpeBRepBuild\TopOpeBRepBuild_Merge.cxx">
      <Filter>Source files\TopOpeBRepBuild</Filter>
    </ClCompile>
    <ClCompile Include="..\..\..\src\TopOpeBRepBuild\TopOpeBRepBuild_Pave.cxx">
      <Filter>Source files\TopOpeBRepBuild</Filter>
    </ClCompile>
    <ClCompile Include="..\..\..\src\TopOpeBRepBuild\TopOpeBRepBuild_PaveClassifier.cxx">
      <Filter>Source files\TopOpeBRepBuild</Filter>
    </ClCompile>
    <ClCompile Include="..\..\..\src\TopOpeBRepBuild\TopOpeBRepBuild_PaveSet.cxx">
      <Filter>Source files\TopOpeBRepBuild</Filter>
    </ClCompile>
    <ClCompile Include="..\..\..\src\TopOpeBRepBuild\TopOpeBRepBuild_SREGU.cxx">
      <Filter>Source files\TopOpeBRepBuild</Filter>
    </ClCompile>
    <ClCompile Include="..\..\..\src\TopOpeBRepBuild\TopOpeBRepBuild_Section.cxx">
      <Filter>Source files\TopOpeBRepBuild</Filter>
    </ClCompile>
    <ClCompile Include="..\..\..\src\TopOpeBRepBuild\TopOpeBRepBuild_ShapeListOfShape.cxx">
      <Filter>Source files\TopOpeBRepBuild</Filter>
    </ClCompile>
    <ClCompile Include="..\..\..\src\TopOpeBRepBuild\TopOpeBRepBuild_ShapeSet.cxx">
      <Filter>Source files\TopOpeBRepBuild</Filter>
    </ClCompile>
    <ClCompile Include="..\..\..\src\TopOpeBRepBuild\TopOpeBRepBuild_ShellFaceClassifier.cxx">
      <Filter>Source files\TopOpeBRepBuild</Filter>
    </ClCompile>
    <ClCompile Include="..\..\..\src\TopOpeBRepBuild\TopOpeBRepBuild_ShellFaceSet.cxx">
      <Filter>Source files\TopOpeBRepBuild</Filter>
    </ClCompile>
    <ClCompile Include="..\..\..\src\TopOpeBRepBuild\TopOpeBRepBuild_ShellToSolid.cxx">
      <Filter>Source files\TopOpeBRepBuild</Filter>
    </ClCompile>
    <ClCompile Include="..\..\..\src\TopOpeBRepBuild\TopOpeBRepBuild_SolidAreaBuilder.cxx">
      <Filter>Source files\TopOpeBRepBuild</Filter>
    </ClCompile>
    <ClCompile Include="..\..\..\src\TopOpeBRepBuild\TopOpeBRepBuild_SolidBuilder.cxx">
      <Filter>Source files\TopOpeBRepBuild</Filter>
    </ClCompile>
    <ClCompile Include="..\..\..\src\TopOpeBRepBuild\TopOpeBRepBuild_Tools.cxx">
      <Filter>Source files\TopOpeBRepBuild</Filter>
    </ClCompile>
    <ClCompile Include="..\..\..\src\TopOpeBRepBuild\TopOpeBRepBuild_Tools2d.cxx">
      <Filter>Source files\TopOpeBRepBuild</Filter>
    </ClCompile>
    <ClCompile Include="..\..\..\src\TopOpeBRepBuild\TopOpeBRepBuild_Tools_1.cxx">
      <Filter>Source files\TopOpeBRepBuild</Filter>
    </ClCompile>
    <ClCompile Include="..\..\..\src\TopOpeBRepBuild\TopOpeBRepBuild_VertexInfo.cxx">
      <Filter>Source files\TopOpeBRepBuild</Filter>
    </ClCompile>
    <ClCompile Include="..\..\..\src\TopOpeBRepBuild\TopOpeBRepBuild_WireEdgeClassifier.cxx">
      <Filter>Source files\TopOpeBRepBuild</Filter>
    </ClCompile>
    <ClCompile Include="..\..\..\src\TopOpeBRepBuild\TopOpeBRepBuild_WireEdgeSet.cxx">
      <Filter>Source files\TopOpeBRepBuild</Filter>
    </ClCompile>
    <ClCompile Include="..\..\..\src\TopOpeBRepBuild\TopOpeBRepBuild_WireToFace.cxx">
      <Filter>Source files\TopOpeBRepBuild</Filter>
    </ClCompile>
    <ClCompile Include="..\..\..\src\TopOpeBRepBuild\TopOpeBRepBuild_fctwes.cxx">
      <Filter>Source files\TopOpeBRepBuild</Filter>
    </ClCompile>
    <ClCompile Include="..\..\..\src\TopOpeBRepBuild\TopOpeBRepBuild_ffsfs.cxx">
      <Filter>Source files\TopOpeBRepBuild</Filter>
    </ClCompile>
    <ClCompile Include="..\..\..\src\TopOpeBRepBuild\TopOpeBRepBuild_ffwesk.cxx">
      <Filter>Source files\TopOpeBRepBuild</Filter>
    </ClCompile>
    <ClCompile Include="..\..\..\src\TopOpeBRepBuild\TopOpeBRepBuild_keep.cxx">
      <Filter>Source files\TopOpeBRepBuild</Filter>
    </ClCompile>
    <ClCompile Include="..\..\..\src\TopOpeBRepBuild\TopOpeBRepBuild_kpkole.cxx">
      <Filter>Source files\TopOpeBRepBuild</Filter>
    </ClCompile>
    <ClCompile Include="..\..\..\src\TopOpeBRepBuild\TopOpeBRepBuild_makeedges.cxx">
      <Filter>Source files\TopOpeBRepBuild</Filter>
    </ClCompile>
    <ClCompile Include="..\..\..\src\TopOpeBRepBuild\TopOpeBRepBuild_makefaces.cxx">
      <Filter>Source files\TopOpeBRepBuild</Filter>
    </ClCompile>
    <ClCompile Include="..\..\..\src\TopOpeBRepBuild\TopOpeBRepBuild_makesolids.cxx">
      <Filter>Source files\TopOpeBRepBuild</Filter>
    </ClCompile>
    <ClCompile Include="..\..\..\src\TopOpeBRepBuild\TopOpeBRepBuild_on.cxx">
      <Filter>Source files\TopOpeBRepBuild</Filter>
    </ClCompile>
    <ClCompile Include="..\..\..\src\TopOpeBRepBuild\TopOpeBRepBuild_trace.cxx">
      <Filter>Source files\TopOpeBRepBuild</Filter>
    </ClCompile>
    <ClCompile Include="..\..\..\src\TopOpeBRepTool\TopOpeBRepTool.cxx">
      <Filter>Source files\TopOpeBRepTool</Filter>
    </ClCompile>
    <ClCompile Include="..\..\..\src\TopOpeBRepTool\TopOpeBRepTool_2d.cxx">
      <Filter>Source files\TopOpeBRepTool</Filter>
    </ClCompile>
    <ClCompile Include="..\..\..\src\TopOpeBRepTool\TopOpeBRepTool_AncestorsTool.cxx">
      <Filter>Source files\TopOpeBRepTool</Filter>
    </ClCompile>
    <ClCompile Include="..\..\..\src\TopOpeBRepTool\TopOpeBRepTool_BoxSort.cxx">
      <Filter>Source files\TopOpeBRepTool</Filter>
    </ClCompile>
    <ClCompile Include="..\..\..\src\TopOpeBRepTool\TopOpeBRepTool_C2DF.cxx">
      <Filter>Source files\TopOpeBRepTool</Filter>
    </ClCompile>
    <ClCompile Include="..\..\..\src\TopOpeBRepTool\TopOpeBRepTool_CLASSI.cxx">
      <Filter>Source files\TopOpeBRepTool</Filter>
    </ClCompile>
    <ClCompile Include="..\..\..\src\TopOpeBRepTool\TopOpeBRepTool_CORRISO.cxx">
      <Filter>Source files\TopOpeBRepTool</Filter>
    </ClCompile>
    <ClCompile Include="..\..\..\src\TopOpeBRepTool\TopOpeBRepTool_CurveTool.cxx">
      <Filter>Source files\TopOpeBRepTool</Filter>
    </ClCompile>
    <ClCompile Include="..\..\..\src\TopOpeBRepTool\TopOpeBRepTool_DRAW.cxx">
      <Filter>Source files\TopOpeBRepTool</Filter>
    </ClCompile>
    <ClCompile Include="..\..\..\src\TopOpeBRepTool\TopOpeBRepTool_FuseEdges.cxx">
      <Filter>Source files\TopOpeBRepTool</Filter>
    </ClCompile>
    <ClCompile Include="..\..\..\src\TopOpeBRepTool\TopOpeBRepTool_GEOMETRY.cxx">
      <Filter>Source files\TopOpeBRepTool</Filter>
    </ClCompile>
    <ClCompile Include="..\..\..\src\TopOpeBRepTool\TopOpeBRepTool_GeomTool.cxx">
      <Filter>Source files\TopOpeBRepTool</Filter>
    </ClCompile>
    <ClCompile Include="..\..\..\src\TopOpeBRepTool\TopOpeBRepTool_HBoxTool.cxx">
      <Filter>Source files\TopOpeBRepTool</Filter>
    </ClCompile>
    <ClCompile Include="..\..\..\src\TopOpeBRepTool\TopOpeBRepTool_PROJECT.cxx">
      <Filter>Source files\TopOpeBRepTool</Filter>
    </ClCompile>
    <ClCompile Include="..\..\..\src\TopOpeBRepTool\TopOpeBRepTool_PURGE.cxx">
      <Filter>Source files\TopOpeBRepTool</Filter>
    </ClCompile>
    <ClCompile Include="..\..\..\src\TopOpeBRepTool\TopOpeBRepTool_PurgeInternalEdges.cxx">
      <Filter>Source files\TopOpeBRepTool</Filter>
    </ClCompile>
    <ClCompile Include="..\..\..\src\TopOpeBRepTool\TopOpeBRepTool_REGUS.cxx">
      <Filter>Source files\TopOpeBRepTool</Filter>
    </ClCompile>
    <ClCompile Include="..\..\..\src\TopOpeBRepTool\TopOpeBRepTool_REGUW.cxx">
      <Filter>Source files\TopOpeBRepTool</Filter>
    </ClCompile>
    <ClCompile Include="..\..\..\src\TopOpeBRepTool\TopOpeBRepTool_RegularizeS.cxx">
      <Filter>Source files\TopOpeBRepTool</Filter>
    </ClCompile>
    <ClCompile Include="..\..\..\src\TopOpeBRepTool\TopOpeBRepTool_RegularizeW.cxx">
      <Filter>Source files\TopOpeBRepTool</Filter>
    </ClCompile>
    <ClCompile Include="..\..\..\src\TopOpeBRepTool\TopOpeBRepTool_SC.cxx">
      <Filter>Source files\TopOpeBRepTool</Filter>
    </ClCompile>
    <ClCompile Include="..\..\..\src\TopOpeBRepTool\TopOpeBRepTool_STATE.cxx">
      <Filter>Source files\TopOpeBRepTool</Filter>
    </ClCompile>
    <ClCompile Include="..\..\..\src\TopOpeBRepTool\TopOpeBRepTool_ShapeClassifier.cxx">
      <Filter>Source files\TopOpeBRepTool</Filter>
    </ClCompile>
    <ClCompile Include="..\..\..\src\TopOpeBRepTool\TopOpeBRepTool_ShapeTool.cxx">
      <Filter>Source files\TopOpeBRepTool</Filter>
    </ClCompile>
    <ClCompile Include="..\..\..\src\TopOpeBRepTool\TopOpeBRepTool_SolidClassifier.cxx">
      <Filter>Source files\TopOpeBRepTool</Filter>
    </ClCompile>
    <ClCompile Include="..\..\..\src\TopOpeBRepTool\TopOpeBRepTool_TOOL.cxx">
      <Filter>Source files\TopOpeBRepTool</Filter>
    </ClCompile>
    <ClCompile Include="..\..\..\src\TopOpeBRepTool\TopOpeBRepTool_TOPOLOGY.cxx">
      <Filter>Source files\TopOpeBRepTool</Filter>
    </ClCompile>
    <ClCompile Include="..\..\..\src\TopOpeBRepTool\TopOpeBRepTool_box.cxx">
      <Filter>Source files\TopOpeBRepTool</Filter>
    </ClCompile>
    <ClCompile Include="..\..\..\src\TopOpeBRepTool\TopOpeBRepTool_connexity.cxx">
      <Filter>Source files\TopOpeBRepTool</Filter>
    </ClCompile>
    <ClCompile Include="..\..\..\src\TopOpeBRepTool\TopOpeBRepTool_face.cxx">
      <Filter>Source files\TopOpeBRepTool</Filter>
    </ClCompile>
    <ClCompile Include="..\..\..\src\TopOpeBRepTool\TopOpeBRepTool_faulty.cxx">
      <Filter>Source files\TopOpeBRepTool</Filter>
    </ClCompile>
    <ClCompile Include="..\..\..\src\TopOpeBRepTool\TopOpeBRepTool_makeTransition.cxx">
      <Filter>Source files\TopOpeBRepTool</Filter>
    </ClCompile>
    <ClCompile Include="..\..\..\src\TopOpeBRepTool\TopOpeBRepTool_matter.cxx">
      <Filter>Source files\TopOpeBRepTool</Filter>
    </ClCompile>
    <ClCompile Include="..\..\..\src\TopOpeBRepTool\TopOpeBRepTool_mkTondgE.cxx">
      <Filter>Source files\TopOpeBRepTool</Filter>
    </ClCompile>
    <ClCompile Include="..\..\..\src\TopOpeBRepTool\TopOpeBRepTool_tol.cxx">
      <Filter>Source files\TopOpeBRepTool</Filter>
    </ClCompile>
    <ClCompile Include="..\..\..\src\TopOpeBRepTool\TopOpeBRepTool_trace.cxx">
      <Filter>Source files\TopOpeBRepTool</Filter>
    </ClCompile>
    <ClCompile Include="..\..\..\src\TopOpeBRepTool\TopOpeBRepTool_traceSTATE.cxx">
      <Filter>Source files\TopOpeBRepTool</Filter>
    </ClCompile>
    <ClCompile Include="..\..\..\src\BRepAlgo\BRepAlgo.cxx">
      <Filter>Source files\BRepAlgo</Filter>
    </ClCompile>
    <ClCompile Include="..\..\..\src\BRepAlgo\BRepAlgo_1.cxx">
      <Filter>Source files\BRepAlgo</Filter>
    </ClCompile>
    <ClCompile Include="..\..\..\src\BRepAlgo\BRepAlgo_AsDes.cxx">
      <Filter>Source files\BRepAlgo</Filter>
    </ClCompile>
    <ClCompile Include="..\..\..\src\BRepAlgo\BRepAlgo_BooleanOperation.cxx">
      <Filter>Source files\BRepAlgo</Filter>
    </ClCompile>
    <ClCompile Include="..\..\..\src\BRepAlgo\BRepAlgo_Common.cxx">
      <Filter>Source files\BRepAlgo</Filter>
    </ClCompile>
    <ClCompile Include="..\..\..\src\BRepAlgo\BRepAlgo_Cut.cxx">
      <Filter>Source files\BRepAlgo</Filter>
    </ClCompile>
    <ClCompile Include="..\..\..\src\BRepAlgo\BRepAlgo_FaceRestrictor.cxx">
      <Filter>Source files\BRepAlgo</Filter>
    </ClCompile>
    <ClCompile Include="..\..\..\src\BRepAlgo\BRepAlgo_Fuse.cxx">
      <Filter>Source files\BRepAlgo</Filter>
    </ClCompile>
    <ClCompile Include="..\..\..\src\BRepAlgo\BRepAlgo_Image.cxx">
      <Filter>Source files\BRepAlgo</Filter>
    </ClCompile>
    <ClCompile Include="..\..\..\src\BRepAlgo\BRepAlgo_Loop.cxx">
      <Filter>Source files\BRepAlgo</Filter>
    </ClCompile>
    <ClCompile Include="..\..\..\src\BRepAlgo\BRepAlgo_NormalProjection.cxx">
      <Filter>Source files\BRepAlgo</Filter>
    </ClCompile>
    <ClCompile Include="..\..\..\src\BRepAlgo\BRepAlgo_Section.cxx">
      <Filter>Source files\BRepAlgo</Filter>
    </ClCompile>
    <ClCompile Include="..\..\..\src\BRepAlgo\BRepAlgo_Tool.cxx">
      <Filter>Source files\BRepAlgo</Filter>
    </ClCompile>
    <ClCompile Include="..\..\..\src\BRepFill\BRepFill.cxx">
      <Filter>Source files\BRepFill</Filter>
    </ClCompile>
    <ClCompile Include="..\..\..\src\BRepFill\BRepFill_ACRLaw.cxx">
      <Filter>Source files\BRepFill</Filter>
    </ClCompile>
    <ClCompile Include="..\..\..\src\BRepFill\BRepFill_AdvancedEvolved.cxx">
      <Filter>Source files\BRepFill</Filter>
    </ClCompile>
    <ClCompile Include="..\..\..\src\BRepFill\BRepFill_ApproxSeewing.cxx">
      <Filter>Source files\BRepFill</Filter>
    </ClCompile>
    <ClCompile Include="..\..\..\src\BRepFill\BRepFill_CompatibleWires.cxx">
      <Filter>Source files\BRepFill</Filter>
    </ClCompile>
    <ClCompile Include="..\..\..\src\BRepFill\BRepFill_ComputeCLine_0.cxx">
      <Filter>Source files\BRepFill</Filter>
    </ClCompile>
    <ClCompile Include="..\..\..\src\BRepFill\BRepFill_CurveConstraint.cxx">
      <Filter>Source files\BRepFill</Filter>
    </ClCompile>
    <ClCompile Include="..\..\..\src\BRepFill\BRepFill_Draft.cxx">
      <Filter>Source files\BRepFill</Filter>
    </ClCompile>
    <ClCompile Include="..\..\..\src\BRepFill\BRepFill_DraftLaw.cxx">
      <Filter>Source files\BRepFill</Filter>
    </ClCompile>
    <ClCompile Include="..\..\..\src\BRepFill\BRepFill_Edge3DLaw.cxx">
      <Filter>Source files\BRepFill</Filter>
    </ClCompile>
    <ClCompile Include="..\..\..\src\BRepFill\BRepFill_EdgeFaceAndOrder.cxx">
      <Filter>Source files\BRepFill</Filter>
    </ClCompile>
    <ClCompile Include="..\..\..\src\BRepFill\BRepFill_EdgeOnSurfLaw.cxx">
      <Filter>Source files\BRepFill</Filter>
    </ClCompile>
    <ClCompile Include="..\..\..\src\BRepFill\BRepFill_Evolved.cxx">
      <Filter>Source files\BRepFill</Filter>
    </ClCompile>
    <ClCompile Include="..\..\..\src\BRepFill\BRepFill_FaceAndOrder.cxx">
      <Filter>Source files\BRepFill</Filter>
    </ClCompile>
    <ClCompile Include="..\..\..\src\BRepFill\BRepFill_Filling.cxx">
      <Filter>Source files\BRepFill</Filter>
    </ClCompile>
    <ClCompile Include="..\..\..\src\BRepFill\BRepFill_Generator.cxx">
      <Filter>Source files\BRepFill</Filter>
    </ClCompile>
    <ClCompile Include="..\..\..\src\BRepFill\BRepFill_LocationLaw.cxx">
      <Filter>Source files\BRepFill</Filter>
    </ClCompile>
    <ClCompile Include="..\..\..\src\BRepFill\BRepFill_MultiLine.cxx">
      <Filter>Source files\BRepFill</Filter>
    </ClCompile>
    <ClCompile Include="..\..\..\src\BRepFill\BRepFill_NSections.cxx">
      <Filter>Source files\BRepFill</Filter>
    </ClCompile>
    <ClCompile Include="..\..\..\src\BRepFill\BRepFill_OffsetAncestors.cxx">
      <Filter>Source files\BRepFill</Filter>
    </ClCompile>
    <ClCompile Include="..\..\..\src\BRepFill\BRepFill_OffsetWire.cxx">
      <Filter>Source files\BRepFill</Filter>
    </ClCompile>
    <ClCompile Include="..\..\..\src\BRepFill\BRepFill_Pipe.cxx">
      <Filter>Source files\BRepFill</Filter>
    </ClCompile>
    <ClCompile Include="..\..\..\src\BRepFill\BRepFill_PipeShell.cxx">
      <Filter>Source files\BRepFill</Filter>
    </ClCompile>
    <ClCompile Include="..\..\..\src\BRepFill\BRepFill_Section.cxx">
      <Filter>Source files\BRepFill</Filter>
    </ClCompile>
    <ClCompile Include="..\..\..\src\BRepFill\BRepFill_SectionLaw.cxx">
      <Filter>Source files\BRepFill</Filter>
    </ClCompile>
    <ClCompile Include="..\..\..\src\BRepFill\BRepFill_SectionPlacement.cxx">
      <Filter>Source files\BRepFill</Filter>
    </ClCompile>
    <ClCompile Include="..\..\..\src\BRepFill\BRepFill_ShapeLaw.cxx">
      <Filter>Source files\BRepFill</Filter>
    </ClCompile>
    <ClCompile Include="..\..\..\src\BRepFill\BRepFill_Sweep.cxx">
      <Filter>Source files\BRepFill</Filter>
    </ClCompile>
    <ClCompile Include="..\..\..\src\BRepFill\BRepFill_TrimEdgeTool.cxx">
      <Filter>Source files\BRepFill</Filter>
    </ClCompile>
    <ClCompile Include="..\..\..\src\BRepFill\BRepFill_TrimShellCorner.cxx">
      <Filter>Source files\BRepFill</Filter>
    </ClCompile>
    <ClCompile Include="..\..\..\src\BRepFill\BRepFill_TrimSurfaceTool.cxx">
      <Filter>Source files\BRepFill</Filter>
    </ClCompile>
    <ClCompile Include="..\..\..\src\BRepProj\BRepProj_Projection.cxx">
      <Filter>Source files\BRepProj</Filter>
    </ClCompile>
  </ItemGroup>
  <ItemGroup>
    <ClInclude Include="..\..\..\src\TopOpeBRep\TopOpeBRep.hxx">
      <Filter>Header files\TopOpeBRep</Filter>
    </ClInclude>
    <ClInclude Include="..\..\..\src\TopOpeBRep\TopOpeBRep_Array1OfLineInter.hxx">
      <Filter>Header files\TopOpeBRep</Filter>
    </ClInclude>
    <ClInclude Include="..\..\..\src\TopOpeBRep\TopOpeBRep_Array1OfVPointInter.hxx">
      <Filter>Header files\TopOpeBRep</Filter>
    </ClInclude>
    <ClInclude Include="..\..\..\src\TopOpeBRep\TopOpeBRep_Bipoint.hxx">
      <Filter>Header files\TopOpeBRep</Filter>
    </ClInclude>
    <ClInclude Include="..\..\..\src\TopOpeBRep\TopOpeBRep_DRAW.hxx">
      <Filter>Header files\TopOpeBRep</Filter>
    </ClInclude>
    <ClInclude Include="..\..\..\src\TopOpeBRep\TopOpeBRep_DSFiller.hxx">
      <Filter>Header files\TopOpeBRep</Filter>
    </ClInclude>
    <ClInclude Include="..\..\..\src\TopOpeBRep\TopOpeBRep_DataMapIteratorOfDataMapOfTopolTool.hxx">
      <Filter>Header files\TopOpeBRep</Filter>
    </ClInclude>
    <ClInclude Include="..\..\..\src\TopOpeBRep\TopOpeBRep_DataMapOfTopolTool.hxx">
      <Filter>Header files\TopOpeBRep</Filter>
    </ClInclude>
    <ClInclude Include="..\..\..\src\TopOpeBRep\TopOpeBRep_EdgesFiller.hxx">
      <Filter>Header files\TopOpeBRep</Filter>
    </ClInclude>
    <ClInclude Include="..\..\..\src\TopOpeBRep\TopOpeBRep_EdgesIntersector.hxx">
      <Filter>Header files\TopOpeBRep</Filter>
    </ClInclude>
    <ClInclude Include="..\..\..\src\TopOpeBRep\TopOpeBRep_FFDumper.hxx">
      <Filter>Header files\TopOpeBRep</Filter>
    </ClInclude>
    <ClInclude Include="..\..\..\src\TopOpeBRep\TopOpeBRep_FFTransitionTool.hxx">
      <Filter>Header files\TopOpeBRep</Filter>
    </ClInclude>
    <ClInclude Include="..\..\..\src\TopOpeBRep\TopOpeBRep_FaceEdgeFiller.hxx">
      <Filter>Header files\TopOpeBRep</Filter>
    </ClInclude>
    <ClInclude Include="..\..\..\src\TopOpeBRep\TopOpeBRep_FaceEdgeIntersector.hxx">
      <Filter>Header files\TopOpeBRep</Filter>
    </ClInclude>
    <ClInclude Include="..\..\..\src\TopOpeBRep\TopOpeBRep_FacesFiller.hxx">
      <Filter>Header files\TopOpeBRep</Filter>
    </ClInclude>
    <ClInclude Include="..\..\..\src\TopOpeBRep\TopOpeBRep_FacesIntersector.hxx">
      <Filter>Header files\TopOpeBRep</Filter>
    </ClInclude>
    <ClInclude Include="..\..\..\src\TopOpeBRep\TopOpeBRep_GeomTool.hxx">
      <Filter>Header files\TopOpeBRep</Filter>
    </ClInclude>
    <ClInclude Include="..\..\..\src\TopOpeBRep\TopOpeBRep_HArray1OfLineInter.hxx">
      <Filter>Header files\TopOpeBRep</Filter>
    </ClInclude>
    <ClInclude Include="..\..\..\src\TopOpeBRep\TopOpeBRep_HArray1OfVPointInter.hxx">
      <Filter>Header files\TopOpeBRep</Filter>
    </ClInclude>
    <ClInclude Include="..\..\..\src\TopOpeBRep\TopOpeBRep_Hctxee2d.hxx">
      <Filter>Header files\TopOpeBRep</Filter>
    </ClInclude>
    <ClInclude Include="..\..\..\src\TopOpeBRep\TopOpeBRep_Hctxff2d.hxx">
      <Filter>Header files\TopOpeBRep</Filter>
    </ClInclude>
    <ClInclude Include="..\..\..\src\TopOpeBRep\TopOpeBRep_LineInter.hxx">
      <Filter>Header files\TopOpeBRep</Filter>
    </ClInclude>
    <ClInclude Include="..\..\..\src\TopOpeBRep\TopOpeBRep_LineInter.lxx">
      <Filter>Header files\TopOpeBRep</Filter>
    </ClInclude>
    <ClInclude Include="..\..\..\src\TopOpeBRep\TopOpeBRep_ListIteratorOfListOfBipoint.hxx">
      <Filter>Header files\TopOpeBRep</Filter>
    </ClInclude>
    <ClInclude Include="..\..\..\src\TopOpeBRep\TopOpeBRep_ListOfBipoint.hxx">
      <Filter>Header files\TopOpeBRep</Filter>
    </ClInclude>
    <ClInclude Include="..\..\..\src\TopOpeBRep\TopOpeBRep_P2Dstatus.hxx">
      <Filter>Header files\TopOpeBRep</Filter>
    </ClInclude>
    <ClInclude Include="..\..\..\src\TopOpeBRep\TopOpeBRep_PEdgesIntersector.hxx">
      <Filter>Header files\TopOpeBRep</Filter>
    </ClInclude>
    <ClInclude Include="..\..\..\src\TopOpeBRep\TopOpeBRep_PFacesFiller.hxx">
      <Filter>Header files\TopOpeBRep</Filter>
    </ClInclude>
    <ClInclude Include="..\..\..\src\TopOpeBRep\TopOpeBRep_PFacesIntersector.hxx">
      <Filter>Header files\TopOpeBRep</Filter>
    </ClInclude>
    <ClInclude Include="..\..\..\src\TopOpeBRep\TopOpeBRep_PIntRes2d_IntersectionPoint.hxx">
      <Filter>Header files\TopOpeBRep</Filter>
    </ClInclude>
    <ClInclude Include="..\..\..\src\TopOpeBRep\TopOpeBRep_PLineInter.hxx">
      <Filter>Header files\TopOpeBRep</Filter>
    </ClInclude>
    <ClInclude Include="..\..\..\src\TopOpeBRep\TopOpeBRep_PPntOn2S.hxx">
      <Filter>Header files\TopOpeBRep</Filter>
    </ClInclude>
    <ClInclude Include="..\..\..\src\TopOpeBRep\TopOpeBRep_PThePointOfIntersection.hxx">
      <Filter>Header files\TopOpeBRep</Filter>
    </ClInclude>
    <ClInclude Include="..\..\..\src\TopOpeBRep\TopOpeBRep_Point2d.hxx">
      <Filter>Header files\TopOpeBRep</Filter>
    </ClInclude>
    <ClInclude Include="..\..\..\src\TopOpeBRep\TopOpeBRep_Point2d.lxx">
      <Filter>Header files\TopOpeBRep</Filter>
    </ClInclude>
    <ClInclude Include="..\..\..\src\TopOpeBRep\TopOpeBRep_PointClassifier.hxx">
      <Filter>Header files\TopOpeBRep</Filter>
    </ClInclude>
    <ClInclude Include="..\..\..\src\TopOpeBRep\TopOpeBRep_PointGeomTool.hxx">
      <Filter>Header files\TopOpeBRep</Filter>
    </ClInclude>
    <ClInclude Include="..\..\..\src\TopOpeBRep\TopOpeBRep_SequenceOfPoint2d.hxx">
      <Filter>Header files\TopOpeBRep</Filter>
    </ClInclude>
    <ClInclude Include="..\..\..\src\TopOpeBRep\TopOpeBRep_ShapeIntersector.hxx">
      <Filter>Header files\TopOpeBRep</Filter>
    </ClInclude>
    <ClInclude Include="..\..\..\src\TopOpeBRep\TopOpeBRep_ShapeIntersector2d.hxx">
      <Filter>Header files\TopOpeBRep</Filter>
    </ClInclude>
    <ClInclude Include="..\..\..\src\TopOpeBRep\TopOpeBRep_ShapeScanner.hxx">
      <Filter>Header files\TopOpeBRep</Filter>
    </ClInclude>
    <ClInclude Include="..\..\..\src\TopOpeBRep\TopOpeBRep_TypeLineCurve.hxx">
      <Filter>Header files\TopOpeBRep</Filter>
    </ClInclude>
    <ClInclude Include="..\..\..\src\TopOpeBRep\TopOpeBRep_VPointInter.hxx">
      <Filter>Header files\TopOpeBRep</Filter>
    </ClInclude>
    <ClInclude Include="..\..\..\src\TopOpeBRep\TopOpeBRep_VPointInter.lxx">
      <Filter>Header files\TopOpeBRep</Filter>
    </ClInclude>
    <ClInclude Include="..\..\..\src\TopOpeBRep\TopOpeBRep_VPointInterClassifier.hxx">
      <Filter>Header files\TopOpeBRep</Filter>
    </ClInclude>
    <ClInclude Include="..\..\..\src\TopOpeBRep\TopOpeBRep_VPointInterIterator.hxx">
      <Filter>Header files\TopOpeBRep</Filter>
    </ClInclude>
    <ClInclude Include="..\..\..\src\TopOpeBRep\TopOpeBRep_WPointInter.hxx">
      <Filter>Header files\TopOpeBRep</Filter>
    </ClInclude>
    <ClInclude Include="..\..\..\src\TopOpeBRep\TopOpeBRep_WPointInterIterator.hxx">
      <Filter>Header files\TopOpeBRep</Filter>
    </ClInclude>
    <ClInclude Include="..\..\..\src\TopOpeBRep\TopOpeBRep_define.hxx">
      <Filter>Header files\TopOpeBRep</Filter>
    </ClInclude>
    <ClInclude Include="..\..\..\src\TopOpeBRep\TopOpeBRep_traceSIFF.hxx">
      <Filter>Header files\TopOpeBRep</Filter>
    </ClInclude>
    <ClInclude Include="..\..\..\src\TopOpeBRepDS\TopOpeBRepDS.hxx">
      <Filter>Header files\TopOpeBRepDS</Filter>
    </ClInclude>
    <ClInclude Include="..\..\..\src\TopOpeBRepDS\TopOpeBRepDS_Array1OfDataMapOfIntegerListOfInterference.hxx">
      <Filter>Header files\TopOpeBRepDS</Filter>
    </ClInclude>
    <ClInclude Include="..\..\..\src\TopOpeBRepDS\TopOpeBRepDS_Association.hxx">
      <Filter>Header files\TopOpeBRepDS</Filter>
    </ClInclude>
    <ClInclude Include="..\..\..\src\TopOpeBRepDS\TopOpeBRepDS_BuildTool.hxx">
      <Filter>Header files\TopOpeBRepDS</Filter>
    </ClInclude>
    <ClInclude Include="..\..\..\src\TopOpeBRepDS\TopOpeBRepDS_Check.hxx">
      <Filter>Header files\TopOpeBRepDS</Filter>
    </ClInclude>
    <ClInclude Include="..\..\..\src\TopOpeBRepDS\TopOpeBRepDS_CheckStatus.hxx">
      <Filter>Header files\TopOpeBRepDS</Filter>
    </ClInclude>
    <ClInclude Include="..\..\..\src\TopOpeBRepDS\TopOpeBRepDS_Config.hxx">
      <Filter>Header files\TopOpeBRepDS</Filter>
    </ClInclude>
    <ClInclude Include="..\..\..\src\TopOpeBRepDS\TopOpeBRepDS_Curve.hxx">
      <Filter>Header files\TopOpeBRepDS</Filter>
    </ClInclude>
    <ClInclude Include="..\..\..\src\TopOpeBRepDS\TopOpeBRepDS_CurveData.hxx">
      <Filter>Header files\TopOpeBRepDS</Filter>
    </ClInclude>
    <ClInclude Include="..\..\..\src\TopOpeBRepDS\TopOpeBRepDS_CurveExplorer.hxx">
      <Filter>Header files\TopOpeBRepDS</Filter>
    </ClInclude>
    <ClInclude Include="..\..\..\src\TopOpeBRepDS\TopOpeBRepDS_CurveIterator.hxx">
      <Filter>Header files\TopOpeBRepDS</Filter>
    </ClInclude>
    <ClInclude Include="..\..\..\src\TopOpeBRepDS\TopOpeBRepDS_CurvePointInterference.hxx">
      <Filter>Header files\TopOpeBRepDS</Filter>
    </ClInclude>
    <ClInclude Include="..\..\..\src\TopOpeBRepDS\TopOpeBRepDS_DRAW.hxx">
      <Filter>Header files\TopOpeBRepDS</Filter>
    </ClInclude>
    <ClInclude Include="..\..\..\src\TopOpeBRepDS\TopOpeBRepDS_DataMapIteratorOfDataMapOfCheckStatus.hxx">
      <Filter>Header files\TopOpeBRepDS</Filter>
    </ClInclude>
    <ClInclude Include="..\..\..\src\TopOpeBRepDS\TopOpeBRepDS_DataMapIteratorOfDataMapOfIntegerListOfInterference.hxx">
      <Filter>Header files\TopOpeBRepDS</Filter>
    </ClInclude>
    <ClInclude Include="..\..\..\src\TopOpeBRepDS\TopOpeBRepDS_DataMapIteratorOfDataMapOfInterferenceListOfInterference.hxx">
      <Filter>Header files\TopOpeBRepDS</Filter>
    </ClInclude>
    <ClInclude Include="..\..\..\src\TopOpeBRepDS\TopOpeBRepDS_DataMapIteratorOfDataMapOfInterferenceShape.hxx">
      <Filter>Header files\TopOpeBRepDS</Filter>
    </ClInclude>
    <ClInclude Include="..\..\..\src\TopOpeBRepDS\TopOpeBRepDS_DataMapIteratorOfDataMapOfShapeListOfShapeOn1State.hxx">
      <Filter>Header files\TopOpeBRepDS</Filter>
    </ClInclude>
    <ClInclude Include="..\..\..\src\TopOpeBRepDS\TopOpeBRepDS_DataMapIteratorOfDataMapOfShapeState.hxx">
      <Filter>Header files\TopOpeBRepDS</Filter>
    </ClInclude>
    <ClInclude Include="..\..\..\src\TopOpeBRepDS\TopOpeBRepDS_DataMapIteratorOfMapOfCurve.hxx">
      <Filter>Header files\TopOpeBRepDS</Filter>
    </ClInclude>
    <ClInclude Include="..\..\..\src\TopOpeBRepDS\TopOpeBRepDS_DataMapIteratorOfMapOfIntegerShapeData.hxx">
      <Filter>Header files\TopOpeBRepDS</Filter>
    </ClInclude>
    <ClInclude Include="..\..\..\src\TopOpeBRepDS\TopOpeBRepDS_DataMapIteratorOfMapOfPoint.hxx">
      <Filter>Header files\TopOpeBRepDS</Filter>
    </ClInclude>
    <ClInclude Include="..\..\..\src\TopOpeBRepDS\TopOpeBRepDS_DataMapIteratorOfMapOfSurface.hxx">
      <Filter>Header files\TopOpeBRepDS</Filter>
    </ClInclude>
    <ClInclude Include="..\..\..\src\TopOpeBRepDS\TopOpeBRepDS_DataMapIteratorOfShapeSurface.hxx">
      <Filter>Header files\TopOpeBRepDS</Filter>
    </ClInclude>
    <ClInclude Include="..\..\..\src\TopOpeBRepDS\TopOpeBRepDS_DataMapOfCheckStatus.hxx">
      <Filter>Header files\TopOpeBRepDS</Filter>
    </ClInclude>
    <ClInclude Include="..\..\..\src\TopOpeBRepDS\TopOpeBRepDS_DataMapOfIntegerListOfInterference.hxx">
      <Filter>Header files\TopOpeBRepDS</Filter>
    </ClInclude>
    <ClInclude Include="..\..\..\src\TopOpeBRepDS\TopOpeBRepDS_DataMapOfInterferenceListOfInterference.hxx">
      <Filter>Header files\TopOpeBRepDS</Filter>
    </ClInclude>
    <ClInclude Include="..\..\..\src\TopOpeBRepDS\TopOpeBRepDS_DataMapOfInterferenceShape.hxx">
      <Filter>Header files\TopOpeBRepDS</Filter>
    </ClInclude>
    <ClInclude Include="..\..\..\src\TopOpeBRepDS\TopOpeBRepDS_DataMapOfShapeListOfShapeOn1State.hxx">
      <Filter>Header files\TopOpeBRepDS</Filter>
    </ClInclude>
    <ClInclude Include="..\..\..\src\TopOpeBRepDS\TopOpeBRepDS_DataMapOfShapeState.hxx">
      <Filter>Header files\TopOpeBRepDS</Filter>
    </ClInclude>
    <ClInclude Include="..\..\..\src\TopOpeBRepDS\TopOpeBRepDS_DataStructure.hxx">
      <Filter>Header files\TopOpeBRepDS</Filter>
    </ClInclude>
    <ClInclude Include="..\..\..\src\TopOpeBRepDS\TopOpeBRepDS_DoubleMapIteratorOfDoubleMapOfIntegerShape.hxx">
      <Filter>Header files\TopOpeBRepDS</Filter>
    </ClInclude>
    <ClInclude Include="..\..\..\src\TopOpeBRepDS\TopOpeBRepDS_DoubleMapOfIntegerShape.hxx">
      <Filter>Header files\TopOpeBRepDS</Filter>
    </ClInclude>
    <ClInclude Include="..\..\..\src\TopOpeBRepDS\TopOpeBRepDS_Dumper.hxx">
      <Filter>Header files\TopOpeBRepDS</Filter>
    </ClInclude>
    <ClInclude Include="..\..\..\src\TopOpeBRepDS\TopOpeBRepDS_EIR.hxx">
      <Filter>Header files\TopOpeBRepDS</Filter>
    </ClInclude>
    <ClInclude Include="..\..\..\src\TopOpeBRepDS\TopOpeBRepDS_EXPORT.hxx">
      <Filter>Header files\TopOpeBRepDS</Filter>
    </ClInclude>
    <ClInclude Include="..\..\..\src\TopOpeBRepDS\TopOpeBRepDS_Edge3dInterferenceTool.hxx">
      <Filter>Header files\TopOpeBRepDS</Filter>
    </ClInclude>
    <ClInclude Include="..\..\..\src\TopOpeBRepDS\TopOpeBRepDS_EdgeInterferenceTool.hxx">
      <Filter>Header files\TopOpeBRepDS</Filter>
    </ClInclude>
    <ClInclude Include="..\..\..\src\TopOpeBRepDS\TopOpeBRepDS_EdgeVertexInterference.hxx">
      <Filter>Header files\TopOpeBRepDS</Filter>
    </ClInclude>
    <ClInclude Include="..\..\..\src\TopOpeBRepDS\TopOpeBRepDS_Explorer.hxx">
      <Filter>Header files\TopOpeBRepDS</Filter>
    </ClInclude>
    <ClInclude Include="..\..\..\src\TopOpeBRepDS\TopOpeBRepDS_FIR.hxx">
      <Filter>Header files\TopOpeBRepDS</Filter>
    </ClInclude>
    <ClInclude Include="..\..\..\src\TopOpeBRepDS\TopOpeBRepDS_FaceEdgeInterference.hxx">
      <Filter>Header files\TopOpeBRepDS</Filter>
    </ClInclude>
    <ClInclude Include="..\..\..\src\TopOpeBRepDS\TopOpeBRepDS_FaceInterferenceTool.hxx">
      <Filter>Header files\TopOpeBRepDS</Filter>
    </ClInclude>
    <ClInclude Include="..\..\..\src\TopOpeBRepDS\TopOpeBRepDS_Filter.hxx">
      <Filter>Header files\TopOpeBRepDS</Filter>
    </ClInclude>
    <ClInclude Include="..\..\..\src\TopOpeBRepDS\TopOpeBRepDS_GapFiller.hxx">
      <Filter>Header files\TopOpeBRepDS</Filter>
    </ClInclude>
    <ClInclude Include="..\..\..\src\TopOpeBRepDS\TopOpeBRepDS_GapTool.hxx">
      <Filter>Header files\TopOpeBRepDS</Filter>
    </ClInclude>
    <ClInclude Include="..\..\..\src\TopOpeBRepDS\TopOpeBRepDS_GeometryData.hxx">
      <Filter>Header files\TopOpeBRepDS</Filter>
    </ClInclude>
    <ClInclude Include="..\..\..\src\TopOpeBRepDS\TopOpeBRepDS_HArray1OfDataMapOfIntegerListOfInterference.hxx">
      <Filter>Header files\TopOpeBRepDS</Filter>
    </ClInclude>
    <ClInclude Include="..\..\..\src\TopOpeBRepDS\TopOpeBRepDS_HDataStructure.hxx">
      <Filter>Header files\TopOpeBRepDS</Filter>
    </ClInclude>
    <ClInclude Include="..\..\..\src\TopOpeBRepDS\TopOpeBRepDS_IndexedDataMapOfShapeWithState.hxx">
      <Filter>Header files\TopOpeBRepDS</Filter>
    </ClInclude>
    <ClInclude Include="..\..\..\src\TopOpeBRepDS\TopOpeBRepDS_IndexedDataMapOfVertexPoint.hxx">
      <Filter>Header files\TopOpeBRepDS</Filter>
    </ClInclude>
    <ClInclude Include="..\..\..\src\TopOpeBRepDS\TopOpeBRepDS_Interference.hxx">
      <Filter>Header files\TopOpeBRepDS</Filter>
    </ClInclude>
    <ClInclude Include="..\..\..\src\TopOpeBRepDS\TopOpeBRepDS_InterferenceIterator.hxx">
      <Filter>Header files\TopOpeBRepDS</Filter>
    </ClInclude>
    <ClInclude Include="..\..\..\src\TopOpeBRepDS\TopOpeBRepDS_InterferenceTool.hxx">
      <Filter>Header files\TopOpeBRepDS</Filter>
    </ClInclude>
    <ClInclude Include="..\..\..\src\TopOpeBRepDS\TopOpeBRepDS_Kind.hxx">
      <Filter>Header files\TopOpeBRepDS</Filter>
    </ClInclude>
    <ClInclude Include="..\..\..\src\TopOpeBRepDS\TopOpeBRepDS_ListIteratorOfListOfInterference.hxx">
      <Filter>Header files\TopOpeBRepDS</Filter>
    </ClInclude>
    <ClInclude Include="..\..\..\src\TopOpeBRepDS\TopOpeBRepDS_ListOfInterference.hxx">
      <Filter>Header files\TopOpeBRepDS</Filter>
    </ClInclude>
    <ClInclude Include="..\..\..\src\TopOpeBRepDS\TopOpeBRepDS_ListOfShapeOn1State.hxx">
      <Filter>Header files\TopOpeBRepDS</Filter>
    </ClInclude>
    <ClInclude Include="..\..\..\src\TopOpeBRepDS\TopOpeBRepDS_MapOfCurve.hxx">
      <Filter>Header files\TopOpeBRepDS</Filter>
    </ClInclude>
    <ClInclude Include="..\..\..\src\TopOpeBRepDS\TopOpeBRepDS_MapOfIntegerShapeData.hxx">
      <Filter>Header files\TopOpeBRepDS</Filter>
    </ClInclude>
    <ClInclude Include="..\..\..\src\TopOpeBRepDS\TopOpeBRepDS_MapOfPoint.hxx">
      <Filter>Header files\TopOpeBRepDS</Filter>
    </ClInclude>
    <ClInclude Include="..\..\..\src\TopOpeBRepDS\TopOpeBRepDS_MapOfShapeData.hxx">
      <Filter>Header files\TopOpeBRepDS</Filter>
    </ClInclude>
    <ClInclude Include="..\..\..\src\TopOpeBRepDS\TopOpeBRepDS_MapOfSurface.hxx">
      <Filter>Header files\TopOpeBRepDS</Filter>
    </ClInclude>
    <ClInclude Include="..\..\..\src\TopOpeBRepDS\TopOpeBRepDS_Marker.hxx">
      <Filter>Header files\TopOpeBRepDS</Filter>
    </ClInclude>
    <ClInclude Include="..\..\..\src\TopOpeBRepDS\TopOpeBRepDS_PDataStructure.hxx">
      <Filter>Header files\TopOpeBRepDS</Filter>
    </ClInclude>
    <ClInclude Include="..\..\..\src\TopOpeBRepDS\TopOpeBRepDS_Point.hxx">
      <Filter>Header files\TopOpeBRepDS</Filter>
    </ClInclude>
    <ClInclude Include="..\..\..\src\TopOpeBRepDS\TopOpeBRepDS_PointData.hxx">
      <Filter>Header files\TopOpeBRepDS</Filter>
    </ClInclude>
    <ClInclude Include="..\..\..\src\TopOpeBRepDS\TopOpeBRepDS_PointExplorer.hxx">
      <Filter>Header files\TopOpeBRepDS</Filter>
    </ClInclude>
    <ClInclude Include="..\..\..\src\TopOpeBRepDS\TopOpeBRepDS_PointIterator.hxx">
      <Filter>Header files\TopOpeBRepDS</Filter>
    </ClInclude>
    <ClInclude Include="..\..\..\src\TopOpeBRepDS\TopOpeBRepDS_ProcessInterferencesTool.hxx">
      <Filter>Header files\TopOpeBRepDS</Filter>
    </ClInclude>
    <ClInclude Include="..\..\..\src\TopOpeBRepDS\TopOpeBRepDS_Reducer.hxx">
      <Filter>Header files\TopOpeBRepDS</Filter>
    </ClInclude>
    <ClInclude Include="..\..\..\src\TopOpeBRepDS\TopOpeBRepDS_ShapeData.hxx">
      <Filter>Header files\TopOpeBRepDS</Filter>
    </ClInclude>
    <ClInclude Include="..\..\..\src\TopOpeBRepDS\TopOpeBRepDS_ShapeShapeInterference.hxx">
      <Filter>Header files\TopOpeBRepDS</Filter>
    </ClInclude>
    <ClInclude Include="..\..\..\src\TopOpeBRepDS\TopOpeBRepDS_ShapeSurface.hxx">
      <Filter>Header files\TopOpeBRepDS</Filter>
    </ClInclude>
    <ClInclude Include="..\..\..\src\TopOpeBRepDS\TopOpeBRepDS_ShapeWithState.hxx">
      <Filter>Header files\TopOpeBRepDS</Filter>
    </ClInclude>
    <ClInclude Include="..\..\..\src\TopOpeBRepDS\TopOpeBRepDS_SolidSurfaceInterference.hxx">
      <Filter>Header files\TopOpeBRepDS</Filter>
    </ClInclude>
    <ClInclude Include="..\..\..\src\TopOpeBRepDS\TopOpeBRepDS_Surface.hxx">
      <Filter>Header files\TopOpeBRepDS</Filter>
    </ClInclude>
    <ClInclude Include="..\..\..\src\TopOpeBRepDS\TopOpeBRepDS_SurfaceCurveInterference.hxx">
      <Filter>Header files\TopOpeBRepDS</Filter>
    </ClInclude>
    <ClInclude Include="..\..\..\src\TopOpeBRepDS\TopOpeBRepDS_SurfaceData.hxx">
      <Filter>Header files\TopOpeBRepDS</Filter>
    </ClInclude>
    <ClInclude Include="..\..\..\src\TopOpeBRepDS\TopOpeBRepDS_SurfaceExplorer.hxx">
      <Filter>Header files\TopOpeBRepDS</Filter>
    </ClInclude>
    <ClInclude Include="..\..\..\src\TopOpeBRepDS\TopOpeBRepDS_SurfaceIterator.hxx">
      <Filter>Header files\TopOpeBRepDS</Filter>
    </ClInclude>
    <ClInclude Include="..\..\..\src\TopOpeBRepDS\TopOpeBRepDS_TKI.hxx">
      <Filter>Header files\TopOpeBRepDS</Filter>
    </ClInclude>
    <ClInclude Include="..\..\..\src\TopOpeBRepDS\TopOpeBRepDS_TOOL.hxx">
      <Filter>Header files\TopOpeBRepDS</Filter>
    </ClInclude>
    <ClInclude Include="..\..\..\src\TopOpeBRepDS\TopOpeBRepDS_Transition.hxx">
      <Filter>Header files\TopOpeBRepDS</Filter>
    </ClInclude>
    <ClInclude Include="..\..\..\src\TopOpeBRepDS\TopOpeBRepDS_connex.hxx">
      <Filter>Header files\TopOpeBRepDS</Filter>
    </ClInclude>
    <ClInclude Include="..\..\..\src\TopOpeBRepDS\TopOpeBRepDS_define.hxx">
      <Filter>Header files\TopOpeBRepDS</Filter>
    </ClInclude>
    <ClInclude Include="..\..\..\src\TopOpeBRepDS\TopOpeBRepDS_repvg.hxx">
      <Filter>Header files\TopOpeBRepDS</Filter>
    </ClInclude>
    <ClInclude Include="..\..\..\src\TopOpeBRepDS\TopOpeBRepDS_samdom.hxx">
      <Filter>Header files\TopOpeBRepDS</Filter>
    </ClInclude>
    <ClInclude Include="..\..\..\src\TopOpeBRepBuild\TopOpeBRepBuild_Area1dBuilder.hxx">
      <Filter>Header files\TopOpeBRepBuild</Filter>
    </ClInclude>
    <ClInclude Include="..\..\..\src\TopOpeBRepBuild\TopOpeBRepBuild_Area2dBuilder.hxx">
      <Filter>Header files\TopOpeBRepBuild</Filter>
    </ClInclude>
    <ClInclude Include="..\..\..\src\TopOpeBRepBuild\TopOpeBRepBuild_Area3dBuilder.hxx">
      <Filter>Header files\TopOpeBRepBuild</Filter>
    </ClInclude>
    <ClInclude Include="..\..\..\src\TopOpeBRepBuild\TopOpeBRepBuild_AreaBuilder.hxx">
      <Filter>Header files\TopOpeBRepBuild</Filter>
    </ClInclude>
    <ClInclude Include="..\..\..\src\TopOpeBRepBuild\TopOpeBRepBuild_BlockBuilder.hxx">
      <Filter>Header files\TopOpeBRepBuild</Filter>
    </ClInclude>
    <ClInclude Include="..\..\..\src\TopOpeBRepBuild\TopOpeBRepBuild_BlockIterator.hxx">
      <Filter>Header files\TopOpeBRepBuild</Filter>
    </ClInclude>
    <ClInclude Include="..\..\..\src\TopOpeBRepBuild\TopOpeBRepBuild_BlockIterator.lxx">
      <Filter>Header files\TopOpeBRepBuild</Filter>
    </ClInclude>
    <ClInclude Include="..\..\..\src\TopOpeBRepBuild\TopOpeBRepBuild_Builder.hxx">
      <Filter>Header files\TopOpeBRepBuild</Filter>
    </ClInclude>
    <ClInclude Include="..\..\..\src\TopOpeBRepBuild\TopOpeBRepBuild_Builder1.hxx">
      <Filter>Header files\TopOpeBRepBuild</Filter>
    </ClInclude>
    <ClInclude Include="..\..\..\src\TopOpeBRepBuild\TopOpeBRepBuild_BuilderON.hxx">
      <Filter>Header files\TopOpeBRepBuild</Filter>
    </ClInclude>
    <ClInclude Include="..\..\..\src\TopOpeBRepBuild\TopOpeBRepBuild_CompositeClassifier.hxx">
      <Filter>Header files\TopOpeBRepBuild</Filter>
    </ClInclude>
    <ClInclude Include="..\..\..\src\TopOpeBRepBuild\TopOpeBRepBuild_CorrectFace2d.hxx">
      <Filter>Header files\TopOpeBRepBuild</Filter>
    </ClInclude>
    <ClInclude Include="..\..\..\src\TopOpeBRepBuild\TopOpeBRepBuild_DataMapIteratorOfDataMapOfShapeListOfShapeListOfShape.hxx">
      <Filter>Header files\TopOpeBRepBuild</Filter>
    </ClInclude>
    <ClInclude Include="..\..\..\src\TopOpeBRepBuild\TopOpeBRepBuild_DataMapOfShapeListOfShapeListOfShape.hxx">
      <Filter>Header files\TopOpeBRepBuild</Filter>
    </ClInclude>
    <ClInclude Include="..\..\..\src\TopOpeBRepBuild\TopOpeBRepBuild_EdgeBuilder.hxx">
      <Filter>Header files\TopOpeBRepBuild</Filter>
    </ClInclude>
    <ClInclude Include="..\..\..\src\TopOpeBRepBuild\TopOpeBRepBuild_FaceAreaBuilder.hxx">
      <Filter>Header files\TopOpeBRepBuild</Filter>
    </ClInclude>
    <ClInclude Include="..\..\..\src\TopOpeBRepBuild\TopOpeBRepBuild_FaceBuilder.hxx">
      <Filter>Header files\TopOpeBRepBuild</Filter>
    </ClInclude>
    <ClInclude Include="..\..\..\src\TopOpeBRepBuild\TopOpeBRepBuild_FuseFace.hxx">
      <Filter>Header files\TopOpeBRepBuild</Filter>
    </ClInclude>
    <ClInclude Include="..\..\..\src\TopOpeBRepBuild\TopOpeBRepBuild_FuseFace.lxx">
      <Filter>Header files\TopOpeBRepBuild</Filter>
    </ClInclude>
    <ClInclude Include="..\..\..\src\TopOpeBRepBuild\TopOpeBRepBuild_GIter.hxx">
      <Filter>Header files\TopOpeBRepBuild</Filter>
    </ClInclude>
    <ClInclude Include="..\..\..\src\TopOpeBRepBuild\TopOpeBRepBuild_GTool.hxx">
      <Filter>Header files\TopOpeBRepBuild</Filter>
    </ClInclude>
    <ClInclude Include="..\..\..\src\TopOpeBRepBuild\TopOpeBRepBuild_GTopo.hxx">
      <Filter>Header files\TopOpeBRepBuild</Filter>
    </ClInclude>
    <ClInclude Include="..\..\..\src\TopOpeBRepBuild\TopOpeBRepBuild_HBuilder.hxx">
      <Filter>Header files\TopOpeBRepBuild</Filter>
    </ClInclude>
    <ClInclude Include="..\..\..\src\TopOpeBRepBuild\TopOpeBRepBuild_IndexedDataMapOfShapeVertexInfo.hxx">
      <Filter>Header files\TopOpeBRepBuild</Filter>
    </ClInclude>
    <ClInclude Include="..\..\..\src\TopOpeBRepBuild\TopOpeBRepBuild_ListIteratorOfListOfListOfLoop.hxx">
      <Filter>Header files\TopOpeBRepBuild</Filter>
    </ClInclude>
    <ClInclude Include="..\..\..\src\TopOpeBRepBuild\TopOpeBRepBuild_ListIteratorOfListOfLoop.hxx">
      <Filter>Header files\TopOpeBRepBuild</Filter>
    </ClInclude>
    <ClInclude Include="..\..\..\src\TopOpeBRepBuild\TopOpeBRepBuild_ListIteratorOfListOfPave.hxx">
      <Filter>Header files\TopOpeBRepBuild</Filter>
    </ClInclude>
    <ClInclude Include="..\..\..\src\TopOpeBRepBuild\TopOpeBRepBuild_ListIteratorOfListOfShapeListOfShape.hxx">
      <Filter>Header files\TopOpeBRepBuild</Filter>
    </ClInclude>
    <ClInclude Include="..\..\..\src\TopOpeBRepBuild\TopOpeBRepBuild_ListOfListOfLoop.hxx">
      <Filter>Header files\TopOpeBRepBuild</Filter>
    </ClInclude>
    <ClInclude Include="..\..\..\src\TopOpeBRepBuild\TopOpeBRepBuild_ListOfLoop.hxx">
      <Filter>Header files\TopOpeBRepBuild</Filter>
    </ClInclude>
    <ClInclude Include="..\..\..\src\TopOpeBRepBuild\TopOpeBRepBuild_ListOfPave.hxx">
      <Filter>Header files\TopOpeBRepBuild</Filter>
    </ClInclude>
    <ClInclude Include="..\..\..\src\TopOpeBRepBuild\TopOpeBRepBuild_ListOfShapeListOfShape.hxx">
      <Filter>Header files\TopOpeBRepBuild</Filter>
    </ClInclude>
    <ClInclude Include="..\..\..\src\TopOpeBRepBuild\TopOpeBRepBuild_Loop.hxx">
      <Filter>Header files\TopOpeBRepBuild</Filter>
    </ClInclude>
    <ClInclude Include="..\..\..\src\TopOpeBRepBuild\TopOpeBRepBuild_LoopClassifier.hxx">
      <Filter>Header files\TopOpeBRepBuild</Filter>
    </ClInclude>
    <ClInclude Include="..\..\..\src\TopOpeBRepBuild\TopOpeBRepBuild_LoopEnum.hxx">
      <Filter>Header files\TopOpeBRepBuild</Filter>
    </ClInclude>
    <ClInclude Include="..\..\..\src\TopOpeBRepBuild\TopOpeBRepBuild_LoopSet.hxx">
      <Filter>Header files\TopOpeBRepBuild</Filter>
    </ClInclude>
    <ClInclude Include="..\..\..\src\TopOpeBRepBuild\TopOpeBRepBuild_PBuilder.hxx">
      <Filter>Header files\TopOpeBRepBuild</Filter>
    </ClInclude>
    <ClInclude Include="..\..\..\src\TopOpeBRepBuild\TopOpeBRepBuild_PGTopo.hxx">
      <Filter>Header files\TopOpeBRepBuild</Filter>
    </ClInclude>
    <ClInclude Include="..\..\..\src\TopOpeBRepBuild\TopOpeBRepBuild_PWireEdgeSet.hxx">
      <Filter>Header files\TopOpeBRepBuild</Filter>
    </ClInclude>
    <ClInclude Include="..\..\..\src\TopOpeBRepBuild\TopOpeBRepBuild_Pave.hxx">
      <Filter>Header files\TopOpeBRepBuild</Filter>
    </ClInclude>
    <ClInclude Include="..\..\..\src\TopOpeBRepBuild\TopOpeBRepBuild_PaveClassifier.hxx">
      <Filter>Header files\TopOpeBRepBuild</Filter>
    </ClInclude>
    <ClInclude Include="..\..\..\src\TopOpeBRepBuild\TopOpeBRepBuild_PaveSet.hxx">
      <Filter>Header files\TopOpeBRepBuild</Filter>
    </ClInclude>
    <ClInclude Include="..\..\..\src\TopOpeBRepBuild\TopOpeBRepBuild_ShapeListOfShape.hxx">
      <Filter>Header files\TopOpeBRepBuild</Filter>
    </ClInclude>
    <ClInclude Include="..\..\..\src\TopOpeBRepBuild\TopOpeBRepBuild_ShapeSet.hxx">
      <Filter>Header files\TopOpeBRepBuild</Filter>
    </ClInclude>
    <ClInclude Include="..\..\..\src\TopOpeBRepBuild\TopOpeBRepBuild_ShellFaceClassifier.hxx">
      <Filter>Header files\TopOpeBRepBuild</Filter>
    </ClInclude>
    <ClInclude Include="..\..\..\src\TopOpeBRepBuild\TopOpeBRepBuild_ShellFaceSet.hxx">
      <Filter>Header files\TopOpeBRepBuild</Filter>
    </ClInclude>
    <ClInclude Include="..\..\..\src\TopOpeBRepBuild\TopOpeBRepBuild_ShellToSolid.hxx">
      <Filter>Header files\TopOpeBRepBuild</Filter>
    </ClInclude>
    <ClInclude Include="..\..\..\src\TopOpeBRepBuild\TopOpeBRepBuild_SolidAreaBuilder.hxx">
      <Filter>Header files\TopOpeBRepBuild</Filter>
    </ClInclude>
    <ClInclude Include="..\..\..\src\TopOpeBRepBuild\TopOpeBRepBuild_SolidBuilder.hxx">
      <Filter>Header files\TopOpeBRepBuild</Filter>
    </ClInclude>
    <ClInclude Include="..\..\..\src\TopOpeBRepBuild\TopOpeBRepBuild_Tools.hxx">
      <Filter>Header files\TopOpeBRepBuild</Filter>
    </ClInclude>
    <ClInclude Include="..\..\..\src\TopOpeBRepBuild\TopOpeBRepBuild_Tools2d.hxx">
      <Filter>Header files\TopOpeBRepBuild</Filter>
    </ClInclude>
    <ClInclude Include="..\..\..\src\TopOpeBRepBuild\TopOpeBRepBuild_VertexInfo.hxx">
      <Filter>Header files\TopOpeBRepBuild</Filter>
    </ClInclude>
    <ClInclude Include="..\..\..\src\TopOpeBRepBuild\TopOpeBRepBuild_WireEdgeClassifier.hxx">
      <Filter>Header files\TopOpeBRepBuild</Filter>
    </ClInclude>
    <ClInclude Include="..\..\..\src\TopOpeBRepBuild\TopOpeBRepBuild_WireEdgeSet.hxx">
      <Filter>Header files\TopOpeBRepBuild</Filter>
    </ClInclude>
    <ClInclude Include="..\..\..\src\TopOpeBRepBuild\TopOpeBRepBuild_WireToFace.hxx">
      <Filter>Header files\TopOpeBRepBuild</Filter>
    </ClInclude>
    <ClInclude Include="..\..\..\src\TopOpeBRepBuild\TopOpeBRepBuild_define.hxx">
      <Filter>Header files\TopOpeBRepBuild</Filter>
    </ClInclude>
    <ClInclude Include="..\..\..\src\TopOpeBRepBuild\TopOpeBRepBuild_kpresu.hxx">
      <Filter>Header files\TopOpeBRepBuild</Filter>
    </ClInclude>
    <ClInclude Include="..\..\..\src\TopOpeBRepTool\TopOpeBRepTool.hxx">
      <Filter>Header files\TopOpeBRepTool</Filter>
    </ClInclude>
    <ClInclude Include="..\..\..\src\TopOpeBRepTool\TopOpeBRepTool_2d.hxx">
      <Filter>Header files\TopOpeBRepTool</Filter>
    </ClInclude>
    <ClInclude Include="..\..\..\src\TopOpeBRepTool\TopOpeBRepTool_AncestorsTool.hxx">
      <Filter>Header files\TopOpeBRepTool</Filter>
    </ClInclude>
    <ClInclude Include="..\..\..\src\TopOpeBRepTool\TopOpeBRepTool_BoxSort.hxx">
      <Filter>Header files\TopOpeBRepTool</Filter>
    </ClInclude>
    <ClInclude Include="..\..\..\src\TopOpeBRepTool\TopOpeBRepTool_C2DF.hxx">
      <Filter>Header files\TopOpeBRepTool</Filter>
    </ClInclude>
    <ClInclude Include="..\..\..\src\TopOpeBRepTool\TopOpeBRepTool_CLASSI.hxx">
      <Filter>Header files\TopOpeBRepTool</Filter>
    </ClInclude>
    <ClInclude Include="..\..\..\src\TopOpeBRepTool\TopOpeBRepTool_CORRISO.hxx">
      <Filter>Header files\TopOpeBRepTool</Filter>
    </ClInclude>
    <ClInclude Include="..\..\..\src\TopOpeBRepTool\TopOpeBRepTool_CurveTool.hxx">
      <Filter>Header files\TopOpeBRepTool</Filter>
    </ClInclude>
    <ClInclude Include="..\..\..\src\TopOpeBRepTool\TopOpeBRepTool_DRAW.hxx">
      <Filter>Header files\TopOpeBRepTool</Filter>
    </ClInclude>
    <ClInclude Include="..\..\..\src\TopOpeBRepTool\TopOpeBRepTool_DataMapIteratorOfDataMapOfOrientedShapeC2DF.hxx">
      <Filter>Header files\TopOpeBRepTool</Filter>
    </ClInclude>
    <ClInclude Include="..\..\..\src\TopOpeBRepTool\TopOpeBRepTool_DataMapIteratorOfDataMapOfShapeListOfC2DF.hxx">
      <Filter>Header files\TopOpeBRepTool</Filter>
    </ClInclude>
    <ClInclude Include="..\..\..\src\TopOpeBRepTool\TopOpeBRepTool_DataMapIteratorOfDataMapOfShapeface.hxx">
      <Filter>Header files\TopOpeBRepTool</Filter>
    </ClInclude>
    <ClInclude Include="..\..\..\src\TopOpeBRepTool\TopOpeBRepTool_DataMapOfOrientedShapeC2DF.hxx">
      <Filter>Header files\TopOpeBRepTool</Filter>
    </ClInclude>
    <ClInclude Include="..\..\..\src\TopOpeBRepTool\TopOpeBRepTool_DataMapOfShapeListOfC2DF.hxx">
      <Filter>Header files\TopOpeBRepTool</Filter>
    </ClInclude>
    <ClInclude Include="..\..\..\src\TopOpeBRepTool\TopOpeBRepTool_DataMapOfShapeface.hxx">
      <Filter>Header files\TopOpeBRepTool</Filter>
    </ClInclude>
    <ClInclude Include="..\..\..\src\TopOpeBRepTool\TopOpeBRepTool_EXPORT.hxx">
      <Filter>Header files\TopOpeBRepTool</Filter>
    </ClInclude>
    <ClInclude Include="..\..\..\src\TopOpeBRepTool\TopOpeBRepTool_FuseEdges.hxx">
      <Filter>Header files\TopOpeBRepTool</Filter>
    </ClInclude>
    <ClInclude Include="..\..\..\src\TopOpeBRepTool\TopOpeBRepTool_GEOMETRY.hxx">
      <Filter>Header files\TopOpeBRepTool</Filter>
    </ClInclude>
    <ClInclude Include="..\..\..\src\TopOpeBRepTool\TopOpeBRepTool_GeomTool.hxx">
      <Filter>Header files\TopOpeBRepTool</Filter>
    </ClInclude>
    <ClInclude Include="..\..\..\src\TopOpeBRepTool\TopOpeBRepTool_HBoxTool.hxx">
      <Filter>Header files\TopOpeBRepTool</Filter>
    </ClInclude>
    <ClInclude Include="..\..\..\src\TopOpeBRepTool\TopOpeBRepTool_IndexedDataMapOfShapeBox.hxx">
      <Filter>Header files\TopOpeBRepTool</Filter>
    </ClInclude>
    <ClInclude Include="..\..\..\src\TopOpeBRepTool\TopOpeBRepTool_IndexedDataMapOfShapeBox2d.hxx">
      <Filter>Header files\TopOpeBRepTool</Filter>
    </ClInclude>
    <ClInclude Include="..\..\..\src\TopOpeBRepTool\TopOpeBRepTool_IndexedDataMapOfShapeconnexity.hxx">
      <Filter>Header files\TopOpeBRepTool</Filter>
    </ClInclude>
    <ClInclude Include="..\..\..\src\TopOpeBRepTool\TopOpeBRepTool_IndexedDataMapOfSolidClassifier.hxx">
      <Filter>Header files\TopOpeBRepTool</Filter>
    </ClInclude>
    <ClInclude Include="..\..\..\src\TopOpeBRepTool\TopOpeBRepTool_KRO.hxx">
      <Filter>Header files\TopOpeBRepTool</Filter>
    </ClInclude>
    <ClInclude Include="..\..\..\src\TopOpeBRepTool\TopOpeBRepTool_ListIteratorOfListOfC2DF.hxx">
      <Filter>Header files\TopOpeBRepTool</Filter>
    </ClInclude>
    <ClInclude Include="..\..\..\src\TopOpeBRepTool\TopOpeBRepTool_ListOfC2DF.hxx">
      <Filter>Header files\TopOpeBRepTool</Filter>
    </ClInclude>
    <ClInclude Include="..\..\..\src\TopOpeBRepTool\TopOpeBRepTool_OutCurveType.hxx">
      <Filter>Header files\TopOpeBRepTool</Filter>
    </ClInclude>
    <ClInclude Include="..\..\..\src\TopOpeBRepTool\TopOpeBRepTool_PROJECT.hxx">
      <Filter>Header files\TopOpeBRepTool</Filter>
    </ClInclude>
    <ClInclude Include="..\..\..\src\TopOpeBRepTool\TopOpeBRepTool_PShapeClassifier.hxx">
      <Filter>Header files\TopOpeBRepTool</Filter>
    </ClInclude>
    <ClInclude Include="..\..\..\src\TopOpeBRepTool\TopOpeBRepTool_PSoClassif.hxx">
      <Filter>Header files\TopOpeBRepTool</Filter>
    </ClInclude>
    <ClInclude Include="..\..\..\src\TopOpeBRepTool\TopOpeBRepTool_PURGE.hxx">
      <Filter>Header files\TopOpeBRepTool</Filter>
    </ClInclude>
    <ClInclude Include="..\..\..\src\TopOpeBRepTool\TopOpeBRepTool_Plos.hxx">
      <Filter>Header files\TopOpeBRepTool</Filter>
    </ClInclude>
    <ClInclude Include="..\..\..\src\TopOpeBRepTool\TopOpeBRepTool_PurgeInternalEdges.hxx">
      <Filter>Header files\TopOpeBRepTool</Filter>
    </ClInclude>
    <ClInclude Include="..\..\..\src\TopOpeBRepTool\TopOpeBRepTool_REGUS.hxx">
      <Filter>Header files\TopOpeBRepTool</Filter>
    </ClInclude>
    <ClInclude Include="..\..\..\src\TopOpeBRepTool\TopOpeBRepTool_REGUW.hxx">
      <Filter>Header files\TopOpeBRepTool</Filter>
    </ClInclude>
    <ClInclude Include="..\..\..\src\TopOpeBRepTool\TopOpeBRepTool_SC.hxx">
      <Filter>Header files\TopOpeBRepTool</Filter>
    </ClInclude>
    <ClInclude Include="..\..\..\src\TopOpeBRepTool\TopOpeBRepTool_STATE.hxx">
      <Filter>Header files\TopOpeBRepTool</Filter>
    </ClInclude>
    <ClInclude Include="..\..\..\src\TopOpeBRepTool\TopOpeBRepTool_ShapeClassifier.hxx">
      <Filter>Header files\TopOpeBRepTool</Filter>
    </ClInclude>
    <ClInclude Include="..\..\..\src\TopOpeBRepTool\TopOpeBRepTool_ShapeExplorer.hxx">
      <Filter>Header files\TopOpeBRepTool</Filter>
    </ClInclude>
    <ClInclude Include="..\..\..\src\TopOpeBRepTool\TopOpeBRepTool_ShapeTool.hxx">
      <Filter>Header files\TopOpeBRepTool</Filter>
    </ClInclude>
    <ClInclude Include="..\..\..\src\TopOpeBRepTool\TopOpeBRepTool_SolidClassifier.hxx">
      <Filter>Header files\TopOpeBRepTool</Filter>
    </ClInclude>
    <ClInclude Include="..\..\..\src\TopOpeBRepTool\TopOpeBRepTool_TOOL.hxx">
      <Filter>Header files\TopOpeBRepTool</Filter>
    </ClInclude>
    <ClInclude Include="..\..\..\src\TopOpeBRepTool\TopOpeBRepTool_TOPOLOGY.hxx">
      <Filter>Header files\TopOpeBRepTool</Filter>
    </ClInclude>
    <ClInclude Include="..\..\..\src\TopOpeBRepTool\TopOpeBRepTool_box.hxx">
      <Filter>Header files\TopOpeBRepTool</Filter>
    </ClInclude>
    <ClInclude Include="..\..\..\src\TopOpeBRepTool\TopOpeBRepTool_connexity.hxx">
      <Filter>Header files\TopOpeBRepTool</Filter>
    </ClInclude>
    <ClInclude Include="..\..\..\src\TopOpeBRepTool\TopOpeBRepTool_define.hxx">
      <Filter>Header files\TopOpeBRepTool</Filter>
    </ClInclude>
    <ClInclude Include="..\..\..\src\TopOpeBRepTool\TopOpeBRepTool_defineG.hxx">
      <Filter>Header files\TopOpeBRepTool</Filter>
    </ClInclude>
    <ClInclude Include="..\..\..\src\TopOpeBRepTool\TopOpeBRepTool_face.hxx">
      <Filter>Header files\TopOpeBRepTool</Filter>
    </ClInclude>
    <ClInclude Include="..\..\..\src\TopOpeBRepTool\TopOpeBRepTool_makeTransition.hxx">
      <Filter>Header files\TopOpeBRepTool</Filter>
    </ClInclude>
    <ClInclude Include="..\..\..\src\TopOpeBRepTool\TopOpeBRepTool_mkTondgE.hxx">
      <Filter>Header files\TopOpeBRepTool</Filter>
    </ClInclude>
    <ClInclude Include="..\..\..\src\TopOpeBRepTool\TopOpeBRepTool_tol.hxx">
      <Filter>Header files\TopOpeBRepTool</Filter>
    </ClInclude>
    <ClInclude Include="..\..\..\src\BRepAlgo\BRepAlgo.hxx">
      <Filter>Header files\BRepAlgo</Filter>
    </ClInclude>
    <ClInclude Include="..\..\..\src\BRepAlgo\BRepAlgo_AsDes.hxx">
      <Filter>Header files\BRepAlgo</Filter>
    </ClInclude>
    <ClInclude Include="..\..\..\src\BRepAlgo\BRepAlgo_BooleanOperation.hxx">
      <Filter>Header files\BRepAlgo</Filter>
    </ClInclude>
    <ClInclude Include="..\..\..\src\BRepAlgo\BRepAlgo_CheckStatus.hxx">
      <Filter>Header files\BRepAlgo</Filter>
    </ClInclude>
    <ClInclude Include="..\..\..\src\BRepAlgo\BRepAlgo_Common.hxx">
      <Filter>Header files\BRepAlgo</Filter>
    </ClInclude>
    <ClInclude Include="..\..\..\src\BRepAlgo\BRepAlgo_Cut.hxx">
      <Filter>Header files\BRepAlgo</Filter>
    </ClInclude>
    <ClInclude Include="..\..\..\src\BRepAlgo\BRepAlgo_FaceRestrictor.hxx">
      <Filter>Header files\BRepAlgo</Filter>
    </ClInclude>
    <ClInclude Include="..\..\..\src\BRepAlgo\BRepAlgo_Fuse.hxx">
      <Filter>Header files\BRepAlgo</Filter>
    </ClInclude>
    <ClInclude Include="..\..\..\src\BRepAlgo\BRepAlgo_Image.hxx">
      <Filter>Header files\BRepAlgo</Filter>
    </ClInclude>
    <ClInclude Include="..\..\..\src\BRepAlgo\BRepAlgo_Loop.hxx">
      <Filter>Header files\BRepAlgo</Filter>
    </ClInclude>
    <ClInclude Include="..\..\..\src\BRepAlgo\BRepAlgo_NormalProjection.hxx">
      <Filter>Header files\BRepAlgo</Filter>
    </ClInclude>
    <ClInclude Include="..\..\..\src\BRepAlgo\BRepAlgo_Section.hxx">
      <Filter>Header files\BRepAlgo</Filter>
    </ClInclude>
    <ClInclude Include="..\..\..\src\BRepAlgo\BRepAlgo_Tool.hxx">
      <Filter>Header files\BRepAlgo</Filter>
    </ClInclude>
    <ClInclude Include="..\..\..\src\BRepFill\BRepFill.hxx">
      <Filter>Header files\BRepFill</Filter>
    </ClInclude>
    <ClInclude Include="..\..\..\src\BRepFill\BRepFill_ACRLaw.hxx">
      <Filter>Header files\BRepFill</Filter>
    </ClInclude>
    <ClInclude Include="..\..\..\src\BRepFill\BRepFill_AdvancedEvolved.hxx">
      <Filter>Header files\BRepFill</Filter>
    </ClInclude>
    <ClInclude Include="..\..\..\src\BRepFill\BRepFill_ApproxSeewing.hxx">
      <Filter>Header files\BRepFill</Filter>
    </ClInclude>
    <ClInclude Include="..\..\..\src\BRepFill\BRepFill_CompatibleWires.hxx">
      <Filter>Header files\BRepFill</Filter>
    </ClInclude>
    <ClInclude Include="..\..\..\src\BRepFill\BRepFill_ComputeCLine.hxx">
      <Filter>Header files\BRepFill</Filter>
    </ClInclude>
    <ClInclude Include="..\..\..\src\BRepFill\BRepFill_CurveConstraint.hxx">
      <Filter>Header files\BRepFill</Filter>
    </ClInclude>
    <ClInclude Include="..\..\..\src\BRepFill\BRepFill_DataMapIteratorOfDataMapOfNodeDataMapOfShapeShape.hxx">
      <Filter>Header files\BRepFill</Filter>
    </ClInclude>
    <ClInclude Include="..\..\..\src\BRepFill\BRepFill_DataMapIteratorOfDataMapOfNodeShape.hxx">
      <Filter>Header files\BRepFill</Filter>
    </ClInclude>
    <ClInclude Include="..\..\..\src\BRepFill\BRepFill_DataMapIteratorOfDataMapOfOrientedShapeListOfShape.hxx">
      <Filter>Header files\BRepFill</Filter>
    </ClInclude>
    <ClInclude Include="..\..\..\src\BRepFill\BRepFill_DataMapIteratorOfDataMapOfShapeDataMapOfShapeListOfShape.hxx">
      <Filter>Header files\BRepFill</Filter>
    </ClInclude>
    <ClInclude Include="..\..\..\src\BRepFill\BRepFill_DataMapIteratorOfDataMapOfShapeHArray2OfShape.hxx">
      <Filter>Header files\BRepFill</Filter>
    </ClInclude>
    <ClInclude Include="..\..\..\src\BRepFill\BRepFill_DataMapIteratorOfDataMapOfShapeSequenceOfPnt.hxx">
      <Filter>Header files\BRepFill</Filter>
    </ClInclude>
    <ClInclude Include="..\..\..\src\BRepFill\BRepFill_DataMapIteratorOfDataMapOfShapeSequenceOfReal.hxx">
      <Filter>Header files\BRepFill</Filter>
    </ClInclude>
    <ClInclude Include="..\..\..\src\BRepFill\BRepFill_DataMapOfNodeDataMapOfShapeShape.hxx">
      <Filter>Header files\BRepFill</Filter>
    </ClInclude>
    <ClInclude Include="..\..\..\src\BRepFill\BRepFill_DataMapOfNodeShape.hxx">
      <Filter>Header files\BRepFill</Filter>
    </ClInclude>
    <ClInclude Include="..\..\..\src\BRepFill\BRepFill_DataMapOfOrientedShapeListOfShape.hxx">
      <Filter>Header files\BRepFill</Filter>
    </ClInclude>
    <ClInclude Include="..\..\..\src\BRepFill\BRepFill_DataMapOfShapeDataMapOfShapeListOfShape.hxx">
      <Filter>Header files\BRepFill</Filter>
    </ClInclude>
    <ClInclude Include="..\..\..\src\BRepFill\BRepFill_DataMapOfShapeHArray2OfShape.hxx">
      <Filter>Header files\BRepFill</Filter>
    </ClInclude>
    <ClInclude Include="..\..\..\src\BRepFill\BRepFill_DataMapOfShapeSequenceOfPnt.hxx">
      <Filter>Header files\BRepFill</Filter>
    </ClInclude>
    <ClInclude Include="..\..\..\src\BRepFill\BRepFill_DataMapOfShapeSequenceOfReal.hxx">
      <Filter>Header files\BRepFill</Filter>
    </ClInclude>
    <ClInclude Include="..\..\..\src\BRepFill\BRepFill_Draft.hxx">
      <Filter>Header files\BRepFill</Filter>
    </ClInclude>
    <ClInclude Include="..\..\..\src\BRepFill\BRepFill_DraftLaw.hxx">
      <Filter>Header files\BRepFill</Filter>
    </ClInclude>
    <ClInclude Include="..\..\..\src\BRepFill\BRepFill_Edge3DLaw.hxx">
      <Filter>Header files\BRepFill</Filter>
    </ClInclude>
    <ClInclude Include="..\..\..\src\BRepFill\BRepFill_EdgeFaceAndOrder.hxx">
      <Filter>Header files\BRepFill</Filter>
    </ClInclude>
    <ClInclude Include="..\..\..\src\BRepFill\BRepFill_EdgeOnSurfLaw.hxx">
      <Filter>Header files\BRepFill</Filter>
    </ClInclude>
    <ClInclude Include="..\..\..\src\BRepFill\BRepFill_Evolved.hxx">
      <Filter>Header files\BRepFill</Filter>
    </ClInclude>
    <ClInclude Include="..\..\..\src\BRepFill\BRepFill_FaceAndOrder.hxx">
      <Filter>Header files\BRepFill</Filter>
    </ClInclude>
    <ClInclude Include="..\..\..\src\BRepFill\BRepFill_Filling.hxx">
      <Filter>Header files\BRepFill</Filter>
    </ClInclude>
    <ClInclude Include="..\..\..\src\BRepFill\BRepFill_Generator.hxx">
      <Filter>Header files\BRepFill</Filter>
    </ClInclude>
    <ClInclude Include="..\..\..\src\BRepFill\BRepFill_Generator.lxx">
      <Filter>Header files\BRepFill</Filter>
    </ClInclude>
    <ClInclude Include="..\..\..\src\BRepFill\BRepFill_IndexedDataMapOfOrientedShapeListOfShape.hxx">
      <Filter>Header files\BRepFill</Filter>
    </ClInclude>
    <ClInclude Include="..\..\..\src\BRepFill\BRepFill_ListIteratorOfListOfOffsetWire.hxx">
      <Filter>Header files\BRepFill</Filter>
    </ClInclude>
    <ClInclude Include="..\..\..\src\BRepFill\BRepFill_ListOfOffsetWire.hxx">
      <Filter>Header files\BRepFill</Filter>
    </ClInclude>
    <ClInclude Include="..\..\..\src\BRepFill\BRepFill_LocationLaw.hxx">
      <Filter>Header files\BRepFill</Filter>
    </ClInclude>
    <ClInclude Include="..\..\..\src\BRepFill\BRepFill_MultiLine.hxx">
      <Filter>Header files\BRepFill</Filter>
    </ClInclude>
    <ClInclude Include="..\..\..\src\BRepFill\BRepFill_NSections.hxx">
      <Filter>Header files\BRepFill</Filter>
    </ClInclude>
    <ClInclude Include="..\..\..\src\BRepFill\BRepFill_OffsetAncestors.hxx">
      <Filter>Header files\BRepFill</Filter>
    </ClInclude>
    <ClInclude Include="..\..\..\src\BRepFill\BRepFill_OffsetWire.hxx">
      <Filter>Header files\BRepFill</Filter>
    </ClInclude>
    <ClInclude Include="..\..\..\src\BRepFill\BRepFill_Pipe.hxx">
      <Filter>Header files\BRepFill</Filter>
    </ClInclude>
    <ClInclude Include="..\..\..\src\BRepFill\BRepFill_PipeShell.hxx">
      <Filter>Header files\BRepFill</Filter>
    </ClInclude>
    <ClInclude Include="..\..\..\src\BRepFill\BRepFill_Section.hxx">
      <Filter>Header files\BRepFill</Filter>
    </ClInclude>
    <ClInclude Include="..\..\..\src\BRepFill\BRepFill_Section.lxx">
      <Filter>Header files\BRepFill</Filter>
    </ClInclude>
    <ClInclude Include="..\..\..\src\BRepFill\BRepFill_SectionLaw.hxx">
      <Filter>Header files\BRepFill</Filter>
    </ClInclude>
    <ClInclude Include="..\..\..\src\BRepFill\BRepFill_SectionPlacement.hxx">
      <Filter>Header files\BRepFill</Filter>
    </ClInclude>
    <ClInclude Include="..\..\..\src\BRepFill\BRepFill_SequenceOfEdgeFaceAndOrder.hxx">
      <Filter>Header files\BRepFill</Filter>
    </ClInclude>
    <ClInclude Include="..\..\..\src\BRepFill\BRepFill_SequenceOfFaceAndOrder.hxx">
      <Filter>Header files\BRepFill</Filter>
    </ClInclude>
    <ClInclude Include="..\..\..\src\BRepFill\BRepFill_SequenceOfSection.hxx">
      <Filter>Header files\BRepFill</Filter>
    </ClInclude>
    <ClInclude Include="..\..\..\src\BRepFill\BRepFill_ShapeLaw.hxx">
      <Filter>Header files\BRepFill</Filter>
    </ClInclude>
    <ClInclude Include="..\..\..\src\BRepFill\BRepFill_ShapeLaw.lxx">
      <Filter>Header files\BRepFill</Filter>
    </ClInclude>
    <ClInclude Include="..\..\..\src\BRepFill\BRepFill_Sweep.hxx">
      <Filter>Header files\BRepFill</Filter>
    </ClInclude>
    <ClInclude Include="..\..\..\src\BRepFill\BRepFill_TransitionStyle.hxx">
      <Filter>Header files\BRepFill</Filter>
    </ClInclude>
    <ClInclude Include="..\..\..\src\BRepFill\BRepFill_TrimEdgeTool.hxx">
      <Filter>Header files\BRepFill</Filter>
    </ClInclude>
    <ClInclude Include="..\..\..\src\BRepFill\BRepFill_TrimShellCorner.hxx">
      <Filter>Header files\BRepFill</Filter>
    </ClInclude>
    <ClInclude Include="..\..\..\src\BRepFill\BRepFill_TrimSurfaceTool.hxx">
      <Filter>Header files\BRepFill</Filter>
    </ClInclude>
    <ClInclude Include="..\..\..\src\BRepFill\BRepFill_TypeOfContact.hxx">
      <Filter>Header files\BRepFill</Filter>
    </ClInclude>
    <ClInclude Include="..\..\..\src\BRepProj\BRepProj_Projection.hxx">
      <Filter>Header files\BRepProj</Filter>
    </ClInclude>
    <ClInclude Include="..\..\..\src\BRepProj\BRepProj_Projection.lxx">
      <Filter>Header files\BRepProj</Filter>
    </ClInclude>
  </ItemGroup>
  <ItemGroup>
    <ResourceCompile Include="TKBool.rc" />
  </ItemGroup>
</Project>
